// !$*UTF8*$!
{
	archiveVersion = 1;
	classes = {
	};
	objectVersion = 50;
	objects = {

/* Begin PBXBuildFile section */
		1733FDF9243D621B0052B800 /* AppDelegate.m in Sources */ = {isa = PBXBuildFile; fileRef = 1733FDF8243D621B0052B800 /* AppDelegate.m */; };
		1733FDFB243D621D0052B800 /* Assets.xcassets in Resources */ = {isa = PBXBuildFile; fileRef = 1733FDFA243D621D0052B800 /* Assets.xcassets */; };
		1733FDFE243D621D0052B800 /* MainMenu.xib in Resources */ = {isa = PBXBuildFile; fileRef = 1733FDFC243D621D0052B800 /* MainMenu.xib */; };
		1733FE09243D62980052B800 /* GamesListViewController.m in Sources */ = {isa = PBXBuildFile; fileRef = 1733FE07243D62980052B800 /* GamesListViewController.m */; };
		1733FE0A243D62980052B800 /* GamesListViewController.xib in Resources */ = {isa = PBXBuildFile; fileRef = 1733FE08243D62980052B800 /* GamesListViewController.xib */; };
		1733FE0D243D63520052B800 /* ChooseAvatarSceneSplitViewController.m in Sources */ = {isa = PBXBuildFile; fileRef = 1733FE0C243D63520052B800 /* ChooseAvatarSceneSplitViewController.m */; };
		1733FE16243EC1D30052B800 /* GameDetailsViewController.m in Sources */ = {isa = PBXBuildFile; fileRef = 1733FE14243EC1D30052B800 /* GameDetailsViewController.m */; };
		1733FE17243EC1D30052B800 /* GameDetailsViewController.xib in Resources */ = {isa = PBXBuildFile; fileRef = 1733FE15243EC1D30052B800 /* GameDetailsViewController.xib */; };
		1733FE21243EDEB70052B800 /* AvatarCollectionViewItem.m in Sources */ = {isa = PBXBuildFile; fileRef = 1733FE1F243EDEB70052B800 /* AvatarCollectionViewItem.m */; };
		1733FE22243EDEB70052B800 /* AvatarCollectionViewItem.xib in Resources */ = {isa = PBXBuildFile; fileRef = 1733FE20243EDEB70052B800 /* AvatarCollectionViewItem.xib */; };
		1733FE30243EF09F0052B800 /* libChooseAvatarUseCase.a in Frameworks */ = {isa = PBXBuildFile; fileRef = 1733FE2B243EF0730052B800 /* libChooseAvatarUseCase.a */; };
		1733FE33243EF2BA0052B800 /* Game.h in Headers */ = {isa = PBXBuildFile; fileRef = 1771E924243A828600CF58D2 /* Game.h */; };
		1733FE34243EF2BD0052B800 /* Game.m in Sources */ = {isa = PBXBuildFile; fileRef = 1771E925243A828600CF58D2 /* Game.m */; };
		1733FE35243EF3190052B800 /* Avatar.h in Headers */ = {isa = PBXBuildFile; fileRef = 1771E927243A836800CF58D2 /* Avatar.h */; };
		1733FE36243EF31E0052B800 /* Avatar.m in Sources */ = {isa = PBXBuildFile; fileRef = 1771E928243A836800CF58D2 /* Avatar.m */; };
		1733FE37243EF3240052B800 /* SuggestAvatarService.m in Sources */ = {isa = PBXBuildFile; fileRef = 1771E940243AE63B00CF58D2 /* SuggestAvatarService.m */; };
		1733FE39243EF3290052B800 /* SuggestAvatarService.h in Headers */ = {isa = PBXBuildFile; fileRef = 1771E93F243AE63B00CF58D2 /* SuggestAvatarService.h */; };
		1733FE3A243EF32F0052B800 /* ChooseGameService.m in Sources */ = {isa = PBXBuildFile; fileRef = 1771E92B243AB1F200CF58D2 /* ChooseGameService.m */; };
		1733FE3B243EF3330052B800 /* ChooseGameService.h in Headers */ = {isa = PBXBuildFile; fileRef = 1771E92A243AB1F200CF58D2 /* ChooseGameService.h */; };
		1733FE3C243EF33A0052B800 /* PersistentImageRepository.m in Sources */ = {isa = PBXBuildFile; fileRef = 1771E93D243AD83200CF58D2 /* PersistentImageRepository.m */; };
		1733FE3D243EF33E0052B800 /* PersistentImageRepository.h in Headers */ = {isa = PBXBuildFile; fileRef = 1771E93C243AD83200CF58D2 /* PersistentImageRepository.h */; };
		1733FE3E243EF3430052B800 /* RemoteGameRepository.m in Sources */ = {isa = PBXBuildFile; fileRef = 1771E92E243AB4E600CF58D2 /* RemoteGameRepository.m */; };
		1733FE3F243EF3460052B800 /* RemoteGameRepository.h in Headers */ = {isa = PBXBuildFile; fileRef = 1771E92D243AB4E600CF58D2 /* RemoteGameRepository.h */; };
		1733FE41243EF3510052B800 /* GameDetailsPresenter.h in Headers */ = {isa = PBXBuildFile; fileRef = 1771E936243AC7AF00CF58D2 /* GameDetailsPresenter.h */; };
		1733FE43243EF35B0052B800 /* GameDetailsPresenter.m in Sources */ = {isa = PBXBuildFile; fileRef = 1771E937243AC7AF00CF58D2 /* GameDetailsPresenter.m */; };
		1733FE45243EF36C0052B800 /* GamesListPresenter.m in Sources */ = {isa = PBXBuildFile; fileRef = 1771E931243ABAB500CF58D2 /* GamesListPresenter.m */; };
		1733FE46243EF3700052B800 /* GamesListPresenter.h in Headers */ = {isa = PBXBuildFile; fileRef = 1771E930243ABAB500CF58D2 /* GamesListPresenter.h */; };
		1733FE4C243EF4E20052B800 /* ChooseAvatarSceneBuilder.h in Headers */ = {isa = PBXBuildFile; fileRef = 1733FE1A243EC4500052B800 /* ChooseAvatarSceneBuilder.h */; };
		1733FE4D243EF4E60052B800 /* ChooseAvatarSceneBuilder.m in Sources */ = {isa = PBXBuildFile; fileRef = 1733FE1B243EC4500052B800 /* ChooseAvatarSceneBuilder.m */; };
		1733FE4E243EF5080052B800 /* main.m in Sources */ = {isa = PBXBuildFile; fileRef = 1733FE00243D621D0052B800 /* main.m */; };
		1733FE51243EF55F0052B800 /* libChooseAvatarUseCase.a in Frameworks */ = {isa = PBXBuildFile; fileRef = 1733FE2B243EF0730052B800 /* libChooseAvatarUseCase.a */; };
		1733FE54243EF6050052B800 /* main.m in Sources */ = {isa = PBXBuildFile; fileRef = 1733FE00243D621D0052B800 /* main.m */; };
		1733FE55243EF6530052B800 /* ChooseAvatarCLI.m in Sources */ = {isa = PBXBuildFile; fileRef = 1771E946243AF8F200CF58D2 /* ChooseAvatarCLI.m */; };
		1733FE56243EF6610052B800 /* GameDetailsCLI.mm in Sources */ = {isa = PBXBuildFile; fileRef = 1771E934243AC77D00CF58D2 /* GameDetailsCLI.mm */; };
		1733FE57243EF66B0052B800 /* GamesListCLI.mm in Sources */ = {isa = PBXBuildFile; fileRef = 1771E922243A814100CF58D2 /* GamesListCLI.mm */; };
		1733FE59243EF7280052B800 /* libChooseAvatarUseCase.a in Frameworks */ = {isa = PBXBuildFile; fileRef = 1733FE2B243EF0730052B800 /* libChooseAvatarUseCase.a */; };
		1771E923243A814100CF58D2 /* GamesListCLI.mm in Sources */ = {isa = PBXBuildFile; fileRef = 1771E922243A814100CF58D2 /* GamesListCLI.mm */; };
		1771E935243AC77D00CF58D2 /* GameDetailsCLI.mm in Sources */ = {isa = PBXBuildFile; fileRef = 1771E934243AC77D00CF58D2 /* GameDetailsCLI.mm */; };
		1771E947243AF8F200CF58D2 /* ChooseAvatarCLI.m in Sources */ = {isa = PBXBuildFile; fileRef = 1771E946243AF8F200CF58D2 /* ChooseAvatarCLI.m */; };
		1771E95C243B039F00CF58D2 /* GameTests.m in Sources */ = {isa = PBXBuildFile; fileRef = 1771E95B243B039F00CF58D2 /* GameTests.m */; };
		1771E960243B094A00CF58D2 /* ChooseAvatarUseCaseTests.m in Sources */ = {isa = PBXBuildFile; fileRef = 1771E95F243B094A00CF58D2 /* ChooseAvatarUseCaseTests.m */; };
		1771E962243B0A2E00CF58D2 /* avatars.json in Resources */ = {isa = PBXBuildFile; fileRef = 1771E961243B0A2E00CF58D2 /* avatars.json */; };
/* End PBXBuildFile section */

/* Begin PBXContainerItemProxy section */
		1733FE31243EF0E40052B800 /* PBXContainerItemProxy */ = {
			isa = PBXContainerItemProxy;
			containerPortal = 1771E90F243A7DFF00CF58D2 /* Project object */;
			proxyType = 1;
			remoteGlobalIDString = 1733FE2A243EF0730052B800;
			remoteInfo = ChooseAvatarUseCase;
		};
		1733FE52243EF55F0052B800 /* PBXContainerItemProxy */ = {
			isa = PBXContainerItemProxy;
			containerPortal = 1771E90F243A7DFF00CF58D2 /* Project object */;
			proxyType = 1;
			remoteGlobalIDString = 1733FE2A243EF0730052B800;
			remoteInfo = ChooseAvatarUseCase;
		};
/* End PBXContainerItemProxy section */

/* Begin PBXCopyFilesBuildPhase section */
		1771E915243A7DFF00CF58D2 /* CopyFiles */ = {
			isa = PBXCopyFilesBuildPhase;
			buildActionMask = 2147483647;
			dstPath = /usr/share/man/man1/;
			dstSubfolderSpec = 0;
			files = (
			);
			runOnlyForDeploymentPostprocessing = 1;
		};
/* End PBXCopyFilesBuildPhase section */

/* Begin PBXFileReference section */
		1733FDF5243D621B0052B800 /* AvatarChooser.app */ = {isa = PBXFileReference; explicitFileType = wrapper.application; includeInIndex = 0; path = AvatarChooser.app; sourceTree = BUILT_PRODUCTS_DIR; };
		1733FDF7243D621B0052B800 /* AppDelegate.h */ = {isa = PBXFileReference; lastKnownFileType = sourcecode.c.h; path = AppDelegate.h; sourceTree = "<group>"; };
		1733FDF8243D621B0052B800 /* AppDelegate.m */ = {isa = PBXFileReference; lastKnownFileType = sourcecode.c.objc; path = AppDelegate.m; sourceTree = "<group>"; };
		1733FDFA243D621D0052B800 /* Assets.xcassets */ = {isa = PBXFileReference; lastKnownFileType = folder.assetcatalog; path = Assets.xcassets; sourceTree = "<group>"; };
		1733FDFD243D621D0052B800 /* Base */ = {isa = PBXFileReference; lastKnownFileType = file.xib; name = Base; path = Base.lproj/MainMenu.xib; sourceTree = "<group>"; };
		1733FDFF243D621D0052B800 /* Info.plist */ = {isa = PBXFileReference; lastKnownFileType = text.plist.xml; path = Info.plist; sourceTree = "<group>"; };
		1733FE00243D621D0052B800 /* main.m */ = {isa = PBXFileReference; lastKnownFileType = sourcecode.c.objc; path = main.m; sourceTree = "<group>"; };
		1733FE02243D621D0052B800 /* AvatarChooser.entitlements */ = {isa = PBXFileReference; lastKnownFileType = text.plist.entitlements; path = AvatarChooser.entitlements; sourceTree = "<group>"; };
		1733FE06243D62980052B800 /* GamesListViewController.h */ = {isa = PBXFileReference; lastKnownFileType = sourcecode.c.h; path = GamesListViewController.h; sourceTree = "<group>"; };
		1733FE07243D62980052B800 /* GamesListViewController.m */ = {isa = PBXFileReference; lastKnownFileType = sourcecode.c.objc; path = GamesListViewController.m; sourceTree = "<group>"; };
		1733FE08243D62980052B800 /* GamesListViewController.xib */ = {isa = PBXFileReference; lastKnownFileType = file.xib; path = GamesListViewController.xib; sourceTree = "<group>"; };
		1733FE0B243D63520052B800 /* ChooseAvatarSceneSplitViewController.h */ = {isa = PBXFileReference; lastKnownFileType = sourcecode.c.h; path = ChooseAvatarSceneSplitViewController.h; sourceTree = "<group>"; };
		1733FE0C243D63520052B800 /* ChooseAvatarSceneSplitViewController.m */ = {isa = PBXFileReference; lastKnownFileType = sourcecode.c.objc; path = ChooseAvatarSceneSplitViewController.m; sourceTree = "<group>"; };
		1733FE13243EC1D30052B800 /* GameDetailsViewController.h */ = {isa = PBXFileReference; lastKnownFileType = sourcecode.c.h; path = GameDetailsViewController.h; sourceTree = "<group>"; };
		1733FE14243EC1D30052B800 /* GameDetailsViewController.m */ = {isa = PBXFileReference; lastKnownFileType = sourcecode.c.objc; path = GameDetailsViewController.m; sourceTree = "<group>"; };
		1733FE15243EC1D30052B800 /* GameDetailsViewController.xib */ = {isa = PBXFileReference; lastKnownFileType = file.xib; path = GameDetailsViewController.xib; sourceTree = "<group>"; };
		1733FE1A243EC4500052B800 /* ChooseAvatarSceneBuilder.h */ = {isa = PBXFileReference; lastKnownFileType = sourcecode.c.h; path = ChooseAvatarSceneBuilder.h; sourceTree = "<group>"; };
		1733FE1B243EC4500052B800 /* ChooseAvatarSceneBuilder.m */ = {isa = PBXFileReference; lastKnownFileType = sourcecode.c.objc; path = ChooseAvatarSceneBuilder.m; sourceTree = "<group>"; };
		1733FE1E243EDEB70052B800 /* AvatarCollectionViewItem.h */ = {isa = PBXFileReference; lastKnownFileType = sourcecode.c.h; path = AvatarCollectionViewItem.h; sourceTree = "<group>"; };
		1733FE1F243EDEB70052B800 /* AvatarCollectionViewItem.m */ = {isa = PBXFileReference; lastKnownFileType = sourcecode.c.objc; path = AvatarCollectionViewItem.m; sourceTree = "<group>"; };
		1733FE20243EDEB70052B800 /* AvatarCollectionViewItem.xib */ = {isa = PBXFileReference; lastKnownFileType = file.xib; path = AvatarCollectionViewItem.xib; sourceTree = "<group>"; };
		1733FE2B243EF0730052B800 /* libChooseAvatarUseCase.a */ = {isa = PBXFileReference; explicitFileType = archive.ar; includeInIndex = 0; path = libChooseAvatarUseCase.a; sourceTree = BUILT_PRODUCTS_DIR; };
		1771E917243A7DFF00CF58D2 /* avatar-chooser */ = {isa = PBXFileReference; explicitFileType = "compiled.mach-o.executable"; includeInIndex = 0; path = "avatar-chooser"; sourceTree = BUILT_PRODUCTS_DIR; };
		1771E921243A814100CF58D2 /* GamesListCLI.h */ = {isa = PBXFileReference; lastKnownFileType = sourcecode.c.h; path = GamesListCLI.h; sourceTree = "<group>"; };
		1771E922243A814100CF58D2 /* GamesListCLI.mm */ = {isa = PBXFileReference; lastKnownFileType = sourcecode.cpp.objcpp; path = GamesListCLI.mm; sourceTree = "<group>"; };
		1771E924243A828600CF58D2 /* Game.h */ = {isa = PBXFileReference; lastKnownFileType = sourcecode.c.h; path = Game.h; sourceTree = "<group>"; };
		1771E925243A828600CF58D2 /* Game.m */ = {isa = PBXFileReference; lastKnownFileType = sourcecode.c.objc; path = Game.m; sourceTree = "<group>"; };
		1771E927243A836800CF58D2 /* Avatar.h */ = {isa = PBXFileReference; lastKnownFileType = sourcecode.c.h; path = Avatar.h; sourceTree = "<group>"; };
		1771E928243A836800CF58D2 /* Avatar.m */ = {isa = PBXFileReference; lastKnownFileType = sourcecode.c.objc; path = Avatar.m; sourceTree = "<group>"; };
		1771E92A243AB1F200CF58D2 /* ChooseGameService.h */ = {isa = PBXFileReference; lastKnownFileType = sourcecode.c.h; path = ChooseGameService.h; sourceTree = "<group>"; };
		1771E92B243AB1F200CF58D2 /* ChooseGameService.m */ = {isa = PBXFileReference; lastKnownFileType = sourcecode.c.objc; path = ChooseGameService.m; sourceTree = "<group>"; };
		1771E92D243AB4E600CF58D2 /* RemoteGameRepository.h */ = {isa = PBXFileReference; lastKnownFileType = sourcecode.c.h; path = RemoteGameRepository.h; sourceTree = "<group>"; };
		1771E92E243AB4E600CF58D2 /* RemoteGameRepository.m */ = {isa = PBXFileReference; lastKnownFileType = sourcecode.c.objc; path = RemoteGameRepository.m; sourceTree = "<group>"; };
		1771E930243ABAB500CF58D2 /* GamesListPresenter.h */ = {isa = PBXFileReference; lastKnownFileType = sourcecode.c.h; path = GamesListPresenter.h; sourceTree = "<group>"; };
		1771E931243ABAB500CF58D2 /* GamesListPresenter.m */ = {isa = PBXFileReference; lastKnownFileType = sourcecode.c.objc; path = GamesListPresenter.m; sourceTree = "<group>"; };
		1771E933243AC77D00CF58D2 /* GameDetailsCLI.h */ = {isa = PBXFileReference; lastKnownFileType = sourcecode.c.h; path = GameDetailsCLI.h; sourceTree = "<group>"; };
		1771E934243AC77D00CF58D2 /* GameDetailsCLI.mm */ = {isa = PBXFileReference; lastKnownFileType = sourcecode.cpp.objcpp; path = GameDetailsCLI.mm; sourceTree = "<group>"; };
		1771E936243AC7AF00CF58D2 /* GameDetailsPresenter.h */ = {isa = PBXFileReference; lastKnownFileType = sourcecode.c.h; path = GameDetailsPresenter.h; sourceTree = "<group>"; };
		1771E937243AC7AF00CF58D2 /* GameDetailsPresenter.m */ = {isa = PBXFileReference; lastKnownFileType = sourcecode.c.objc; path = GameDetailsPresenter.m; sourceTree = "<group>"; };
		1771E93C243AD83200CF58D2 /* PersistentImageRepository.h */ = {isa = PBXFileReference; lastKnownFileType = sourcecode.c.h; path = PersistentImageRepository.h; sourceTree = "<group>"; };
		1771E93D243AD83200CF58D2 /* PersistentImageRepository.m */ = {isa = PBXFileReference; lastKnownFileType = sourcecode.c.objc; path = PersistentImageRepository.m; sourceTree = "<group>"; };
		1771E93F243AE63B00CF58D2 /* SuggestAvatarService.h */ = {isa = PBXFileReference; lastKnownFileType = sourcecode.c.h; path = SuggestAvatarService.h; sourceTree = "<group>"; };
		1771E940243AE63B00CF58D2 /* SuggestAvatarService.m */ = {isa = PBXFileReference; lastKnownFileType = sourcecode.c.objc; path = SuggestAvatarService.m; sourceTree = "<group>"; };
		1771E945243AF8F200CF58D2 /* ChooseAvatarCLI.h */ = {isa = PBXFileReference; lastKnownFileType = sourcecode.c.h; path = ChooseAvatarCLI.h; sourceTree = "<group>"; };
		1771E946243AF8F200CF58D2 /* ChooseAvatarCLI.m */ = {isa = PBXFileReference; lastKnownFileType = sourcecode.c.objc; path = ChooseAvatarCLI.m; sourceTree = "<group>"; };
		1771E953243B038400CF58D2 /* AvatarChooserTests.xctest */ = {isa = PBXFileReference; explicitFileType = wrapper.cfbundle; includeInIndex = 0; path = AvatarChooserTests.xctest; sourceTree = BUILT_PRODUCTS_DIR; };
		1771E957243B038400CF58D2 /* Info.plist */ = {isa = PBXFileReference; lastKnownFileType = text.plist.xml; path = Info.plist; sourceTree = "<group>"; };
		1771E95B243B039F00CF58D2 /* GameTests.m */ = {isa = PBXFileReference; lastKnownFileType = sourcecode.c.objc; path = GameTests.m; sourceTree = "<group>"; };
		1771E95F243B094A00CF58D2 /* ChooseAvatarUseCaseTests.m */ = {isa = PBXFileReference; lastKnownFileType = sourcecode.c.objc; path = ChooseAvatarUseCaseTests.m; sourceTree = "<group>"; };
		1771E961243B0A2E00CF58D2 /* avatars.json */ = {isa = PBXFileReference; fileEncoding = 4; lastKnownFileType = text.json; path = avatars.json; sourceTree = "<group>"; };
/* End PBXFileReference section */

/* Begin PBXFrameworksBuildPhase section */
		1733FDF2243D621B0052B800 /* Frameworks */ = {
			isa = PBXFrameworksBuildPhase;
			buildActionMask = 2147483647;
			files = (
				1733FE51243EF55F0052B800 /* libChooseAvatarUseCase.a in Frameworks */,
			);
			runOnlyForDeploymentPostprocessing = 0;
		};
		1733FE29243EF0730052B800 /* Frameworks */ = {
			isa = PBXFrameworksBuildPhase;
			buildActionMask = 2147483647;
			files = (
			);
			runOnlyForDeploymentPostprocessing = 0;
		};
		1771E914243A7DFF00CF58D2 /* Frameworks */ = {
			isa = PBXFrameworksBuildPhase;
			buildActionMask = 2147483647;
			files = (
				1733FE30243EF09F0052B800 /* libChooseAvatarUseCase.a in Frameworks */,
			);
			runOnlyForDeploymentPostprocessing = 0;
		};
		1771E950243B038400CF58D2 /* Frameworks */ = {
			isa = PBXFrameworksBuildPhase;
			buildActionMask = 2147483647;
			files = (
				1733FE59243EF7280052B800 /* libChooseAvatarUseCase.a in Frameworks */,
			);
			runOnlyForDeploymentPostprocessing = 0;
		};
/* End PBXFrameworksBuildPhase section */

/* Begin PBXGroup section */
		1733FE47243EF38B0052B800 /* ChooseAvatarUseCase */ = {
			isa = PBXGroup;
			children = (
				1733FE1A243EC4500052B800 /* ChooseAvatarSceneBuilder.h */,
				1733FE1B243EC4500052B800 /* ChooseAvatarSceneBuilder.m */,
				1733FE48243EF3A30052B800 /* Presentation */,
				1771E949243AFCA800CF58D2 /* Data Layer */,
				1771E94A243AFCB600CF58D2 /* Application */,
				1771E94B243AFCC700CF58D2 /* Enterprise */,
			);
			path = ChooseAvatarUseCase;
			sourceTree = "<group>";
		};
		1733FE48243EF3A30052B800 /* Presentation */ = {
			isa = PBXGroup;
			children = (
				1733FE49243EF3AA0052B800 /* Games List */,
				1733FE4A243EF3B30052B800 /* Game Details */,
			);
			path = Presentation;
			sourceTree = "<group>";
		};
		1733FE49243EF3AA0052B800 /* Games List */ = {
			isa = PBXGroup;
			children = (
				1771E930243ABAB500CF58D2 /* GamesListPresenter.h */,
				1771E931243ABAB500CF58D2 /* GamesListPresenter.m */,
			);
			path = "Games List";
			sourceTree = "<group>";
		};
		1733FE4A243EF3B30052B800 /* Game Details */ = {
			isa = PBXGroup;
			children = (
				1771E936243AC7AF00CF58D2 /* GameDetailsPresenter.h */,
				1771E937243AC7AF00CF58D2 /* GameDetailsPresenter.m */,
			);
			path = "Game Details";
			sourceTree = "<group>";
		};
		1733FE4B243EF4A80052B800 /* AppKit GUI */ = {
			isa = PBXGroup;
			children = (
				1733FDF7243D621B0052B800 /* AppDelegate.h */,
				1733FDF8243D621B0052B800 /* AppDelegate.m */,
				1733FE0B243D63520052B800 /* ChooseAvatarSceneSplitViewController.h */,
				1733FE0C243D63520052B800 /* ChooseAvatarSceneSplitViewController.m */,
				1733FDFA243D621D0052B800 /* Assets.xcassets */,
				1733FDFC243D621D0052B800 /* MainMenu.xib */,
				1733FDFF243D621D0052B800 /* Info.plist */,
				1733FE02243D621D0052B800 /* AvatarChooser.entitlements */,
				1733FE4F243EF5140052B800 /* Games List */,
				1733FE50243EF5200052B800 /* Game Details */,
			);
			path = "AppKit GUI";
			sourceTree = "<group>";
		};
		1733FE4F243EF5140052B800 /* Games List */ = {
			isa = PBXGroup;
			children = (
				1733FE06243D62980052B800 /* GamesListViewController.h */,
				1733FE07243D62980052B800 /* GamesListViewController.m */,
				1733FE08243D62980052B800 /* GamesListViewController.xib */,
			);
			path = "Games List";
			sourceTree = "<group>";
		};
		1733FE50243EF5200052B800 /* Game Details */ = {
			isa = PBXGroup;
			children = (
				1733FE13243EC1D30052B800 /* GameDetailsViewController.h */,
				1733FE14243EC1D30052B800 /* GameDetailsViewController.m */,
				1733FE15243EC1D30052B800 /* GameDetailsViewController.xib */,
				1733FE1E243EDEB70052B800 /* AvatarCollectionViewItem.h */,
				1733FE1F243EDEB70052B800 /* AvatarCollectionViewItem.m */,
				1733FE20243EDEB70052B800 /* AvatarCollectionViewItem.xib */,
			);
			path = "Game Details";
			sourceTree = "<group>";
		};
		1733FE58243EF7280052B800 /* Frameworks */ = {
			isa = PBXGroup;
			children = (
			);
			name = Frameworks;
			sourceTree = "<group>";
		};
		1771E90E243A7DFF00CF58D2 = {
			isa = PBXGroup;
			children = (
				1733FE47243EF38B0052B800 /* ChooseAvatarUseCase */,
				1771E919243A7DFF00CF58D2 /* AvatarChooser */,
				1771E954243B038400CF58D2 /* AvatarChooserTests */,
				1771E918243A7DFF00CF58D2 /* Products */,
				1733FE58243EF7280052B800 /* Frameworks */,
			);
			sourceTree = "<group>";
		};
		1771E918243A7DFF00CF58D2 /* Products */ = {
			isa = PBXGroup;
			children = (
				1771E917243A7DFF00CF58D2 /* avatar-chooser */,
				1771E953243B038400CF58D2 /* AvatarChooserTests.xctest */,
				1733FDF5243D621B0052B800 /* AvatarChooser.app */,
				1733FE2B243EF0730052B800 /* libChooseAvatarUseCase.a */,
			);
			name = Products;
			sourceTree = "<group>";
		};
		1771E919243A7DFF00CF58D2 /* AvatarChooser */ = {
			isa = PBXGroup;
			children = (
				1733FE00243D621D0052B800 /* main.m */,
				1771E948243AFC9D00CF58D2 /* Command Line */,
				1733FE4B243EF4A80052B800 /* AppKit GUI */,
			);
			path = AvatarChooser;
			sourceTree = "<group>";
		};
		1771E948243AFC9D00CF58D2 /* Command Line */ = {
			isa = PBXGroup;
			children = (
				1771E945243AF8F200CF58D2 /* ChooseAvatarCLI.h */,
				1771E946243AF8F200CF58D2 /* ChooseAvatarCLI.m */,
				1771E94D243AFCF800CF58D2 /* Games List */,
				1771E94E243AFD0600CF58D2 /* Game Details */,
			);
			path = "Command Line";
			sourceTree = "<group>";
		};
		1771E949243AFCA800CF58D2 /* Data Layer */ = {
			isa = PBXGroup;
			children = (
				1771E92D243AB4E600CF58D2 /* RemoteGameRepository.h */,
				1771E92E243AB4E600CF58D2 /* RemoteGameRepository.m */,
				1771E93C243AD83200CF58D2 /* PersistentImageRepository.h */,
				1771E93D243AD83200CF58D2 /* PersistentImageRepository.m */,
			);
			path = "Data Layer";
			sourceTree = "<group>";
		};
		1771E94A243AFCB600CF58D2 /* Application */ = {
			isa = PBXGroup;
			children = (
				1771E92A243AB1F200CF58D2 /* ChooseGameService.h */,
				1771E92B243AB1F200CF58D2 /* ChooseGameService.m */,
				1771E93F243AE63B00CF58D2 /* SuggestAvatarService.h */,
				1771E940243AE63B00CF58D2 /* SuggestAvatarService.m */,
			);
			path = Application;
			sourceTree = "<group>";
		};
		1771E94B243AFCC700CF58D2 /* Enterprise */ = {
			isa = PBXGroup;
			children = (
				1771E924243A828600CF58D2 /* Game.h */,
				1771E925243A828600CF58D2 /* Game.m */,
				1771E927243A836800CF58D2 /* Avatar.h */,
				1771E928243A836800CF58D2 /* Avatar.m */,
			);
			path = Enterprise;
			sourceTree = "<group>";
		};
		1771E94D243AFCF800CF58D2 /* Games List */ = {
			isa = PBXGroup;
			children = (
				1771E921243A814100CF58D2 /* GamesListCLI.h */,
				1771E922243A814100CF58D2 /* GamesListCLI.mm */,
			);
			path = "Games List";
			sourceTree = "<group>";
		};
		1771E94E243AFD0600CF58D2 /* Game Details */ = {
			isa = PBXGroup;
			children = (
				1771E933243AC77D00CF58D2 /* GameDetailsCLI.h */,
				1771E934243AC77D00CF58D2 /* GameDetailsCLI.mm */,
			);
			path = "Game Details";
			sourceTree = "<group>";
		};
		1771E954243B038400CF58D2 /* AvatarChooserTests */ = {
			isa = PBXGroup;
			children = (
				1771E957243B038400CF58D2 /* Info.plist */,
				1771E961243B0A2E00CF58D2 /* avatars.json */,
				1771E95F243B094A00CF58D2 /* ChooseAvatarUseCaseTests.m */,
				1771E95B243B039F00CF58D2 /* GameTests.m */,
			);
			path = AvatarChooserTests;
			sourceTree = "<group>";
		};
/* End PBXGroup section */

/* Begin PBXHeadersBuildPhase section */
		1733FE27243EF0730052B800 /* Headers */ = {
			isa = PBXHeadersBuildPhase;
			buildActionMask = 2147483647;
			files = (
				1733FE41243EF3510052B800 /* GameDetailsPresenter.h in Headers */,
				1733FE33243EF2BA0052B800 /* Game.h in Headers */,
				1733FE3B243EF3330052B800 /* ChooseGameService.h in Headers */,
				1733FE46243EF3700052B800 /* GamesListPresenter.h in Headers */,
				1733FE4C243EF4E20052B800 /* ChooseAvatarSceneBuilder.h in Headers */,
				1733FE3F243EF3460052B800 /* RemoteGameRepository.h in Headers */,
				1733FE35243EF3190052B800 /* Avatar.h in Headers */,
				1733FE3D243EF33E0052B800 /* PersistentImageRepository.h in Headers */,
				1733FE39243EF3290052B800 /* SuggestAvatarService.h in Headers */,
			);
			runOnlyForDeploymentPostprocessing = 0;
		};
/* End PBXHeadersBuildPhase section */

/* Begin PBXNativeTarget section */
		1733FDF4243D621B0052B800 /* AvatarChooser */ = {
			isa = PBXNativeTarget;
			buildConfigurationList = 1733FE05243D621D0052B800 /* Build configuration list for PBXNativeTarget "AvatarChooser" */;
			buildPhases = (
				1733FDF1243D621B0052B800 /* Sources */,
				1733FDF2243D621B0052B800 /* Frameworks */,
				1733FDF3243D621B0052B800 /* Resources */,
			);
			buildRules = (
			);
			dependencies = (
				1733FE53243EF55F0052B800 /* PBXTargetDependency */,
			);
			name = AvatarChooser;
			productName = AvatarChooser;
			productReference = 1733FDF5243D621B0052B800 /* AvatarChooser.app */;
			productType = "com.apple.product-type.application";
		};
		1733FE2A243EF0730052B800 /* ChooseAvatarUseCase */ = {
			isa = PBXNativeTarget;
			buildConfigurationList = 1733FE2C243EF0730052B800 /* Build configuration list for PBXNativeTarget "ChooseAvatarUseCase" */;
			buildPhases = (
				1733FE27243EF0730052B800 /* Headers */,
				1733FE28243EF0730052B800 /* Sources */,
				1733FE29243EF0730052B800 /* Frameworks */,
			);
			buildRules = (
			);
			dependencies = (
			);
			name = ChooseAvatarUseCase;
			productName = ChooseAvatarUseCase;
			productReference = 1733FE2B243EF0730052B800 /* libChooseAvatarUseCase.a */;
			productType = "com.apple.product-type.library.static";
		};
		1771E916243A7DFF00CF58D2 /* avatar-chooser */ = {
			isa = PBXNativeTarget;
			buildConfigurationList = 1771E91E243A7DFF00CF58D2 /* Build configuration list for PBXNativeTarget "avatar-chooser" */;
			buildPhases = (
				1771E913243A7DFF00CF58D2 /* Sources */,
				1771E914243A7DFF00CF58D2 /* Frameworks */,
				1771E915243A7DFF00CF58D2 /* CopyFiles */,
			);
			buildRules = (
			);
			dependencies = (
				1733FE32243EF0E40052B800 /* PBXTargetDependency */,
			);
			name = "avatar-chooser";
			productName = AvatarChooser;
			productReference = 1771E917243A7DFF00CF58D2 /* avatar-chooser */;
			productType = "com.apple.product-type.tool";
		};
		1771E952243B038400CF58D2 /* AvatarChooserTests */ = {
			isa = PBXNativeTarget;
			buildConfigurationList = 1771E958243B038400CF58D2 /* Build configuration list for PBXNativeTarget "AvatarChooserTests" */;
			buildPhases = (
				1771E94F243B038400CF58D2 /* Sources */,
				1771E950243B038400CF58D2 /* Frameworks */,
				1771E951243B038400CF58D2 /* Resources */,
			);
			buildRules = (
			);
			dependencies = (
			);
			name = AvatarChooserTests;
			productName = AvatarChooserTests;
			productReference = 1771E953243B038400CF58D2 /* AvatarChooserTests.xctest */;
			productType = "com.apple.product-type.bundle.unit-test";
		};
/* End PBXNativeTarget section */

/* Begin PBXProject section */
		1771E90F243A7DFF00CF58D2 /* Project object */ = {
			isa = PBXProject;
			attributes = {
				LastUpgradeCheck = 1140;
				ORGANIZATIONNAME = "Duff Neubauer";
				TargetAttributes = {
					1733FDF4243D621B0052B800 = {
						CreatedOnToolsVersion = 11.4;
					};
					1733FE2A243EF0730052B800 = {
						CreatedOnToolsVersion = 11.4;
					};
					1771E916243A7DFF00CF58D2 = {
						CreatedOnToolsVersion = 11.4;
					};
					1771E952243B038400CF58D2 = {
						CreatedOnToolsVersion = 11.4;
					};
				};
			};
			buildConfigurationList = 1771E912243A7DFF00CF58D2 /* Build configuration list for PBXProject "AvatarChooser" */;
			compatibilityVersion = "Xcode 9.3";
			developmentRegion = en;
			hasScannedForEncodings = 0;
			knownRegions = (
				en,
				Base,
			);
			mainGroup = 1771E90E243A7DFF00CF58D2;
			productRefGroup = 1771E918243A7DFF00CF58D2 /* Products */;
			projectDirPath = "";
			projectRoot = "";
			targets = (
				1733FDF4243D621B0052B800 /* AvatarChooser */,
				1771E916243A7DFF00CF58D2 /* avatar-chooser */,
				1771E952243B038400CF58D2 /* AvatarChooserTests */,
				1733FE2A243EF0730052B800 /* ChooseAvatarUseCase */,
			);
		};
/* End PBXProject section */

/* Begin PBXResourcesBuildPhase section */
		1733FDF3243D621B0052B800 /* Resources */ = {
			isa = PBXResourcesBuildPhase;
			buildActionMask = 2147483647;
			files = (
				1733FE0A243D62980052B800 /* GamesListViewController.xib in Resources */,
				1733FE17243EC1D30052B800 /* GameDetailsViewController.xib in Resources */,
				1733FE22243EDEB70052B800 /* AvatarCollectionViewItem.xib in Resources */,
				1733FDFB243D621D0052B800 /* Assets.xcassets in Resources */,
				1733FDFE243D621D0052B800 /* MainMenu.xib in Resources */,
			);
			runOnlyForDeploymentPostprocessing = 0;
		};
		1771E951243B038400CF58D2 /* Resources */ = {
			isa = PBXResourcesBuildPhase;
			buildActionMask = 2147483647;
			files = (
				1771E962243B0A2E00CF58D2 /* avatars.json in Resources */,
			);
			runOnlyForDeploymentPostprocessing = 0;
		};
/* End PBXResourcesBuildPhase section */

/* Begin PBXSourcesBuildPhase section */
		1733FDF1243D621B0052B800 /* Sources */ = {
			isa = PBXSourcesBuildPhase;
			buildActionMask = 2147483647;
			files = (
				1733FE21243EDEB70052B800 /* AvatarCollectionViewItem.m in Sources */,
				1733FE56243EF6610052B800 /* GameDetailsCLI.mm in Sources */,
				1733FE16243EC1D30052B800 /* GameDetailsViewController.m in Sources */,
				1733FE0D243D63520052B800 /* ChooseAvatarSceneSplitViewController.m in Sources */,
				1733FE55243EF6530052B800 /* ChooseAvatarCLI.m in Sources */,
				1733FE57243EF66B0052B800 /* GamesListCLI.mm in Sources */,
				1733FDF9243D621B0052B800 /* AppDelegate.m in Sources */,
				1733FE54243EF6050052B800 /* main.m in Sources */,
				1733FE09243D62980052B800 /* GamesListViewController.m in Sources */,
			);
			runOnlyForDeploymentPostprocessing = 0;
		};
		1733FE28243EF0730052B800 /* Sources */ = {
			isa = PBXSourcesBuildPhase;
			buildActionMask = 2147483647;
			files = (
				1733FE45243EF36C0052B800 /* GamesListPresenter.m in Sources */,
				1733FE37243EF3240052B800 /* SuggestAvatarService.m in Sources */,
				1733FE4D243EF4E60052B800 /* ChooseAvatarSceneBuilder.m in Sources */,
				1733FE43243EF35B0052B800 /* GameDetailsPresenter.m in Sources */,
				1733FE36243EF31E0052B800 /* Avatar.m in Sources */,
				1733FE3A243EF32F0052B800 /* ChooseGameService.m in Sources */,
				1733FE3E243EF3430052B800 /* RemoteGameRepository.m in Sources */,
				1733FE3C243EF33A0052B800 /* PersistentImageRepository.m in Sources */,
				1733FE34243EF2BD0052B800 /* Game.m in Sources */,
			);
			runOnlyForDeploymentPostprocessing = 0;
		};
		1771E913243A7DFF00CF58D2 /* Sources */ = {
			isa = PBXSourcesBuildPhase;
			buildActionMask = 2147483647;
			files = (
				1733FE4E243EF5080052B800 /* main.m in Sources */,
				1771E947243AF8F200CF58D2 /* ChooseAvatarCLI.m in Sources */,
				1771E923243A814100CF58D2 /* GamesListCLI.mm in Sources */,
				1771E935243AC77D00CF58D2 /* GameDetailsCLI.mm in Sources */,
			);
			runOnlyForDeploymentPostprocessing = 0;
		};
		1771E94F243B038400CF58D2 /* Sources */ = {
			isa = PBXSourcesBuildPhase;
			buildActionMask = 2147483647;
			files = (
				1771E960243B094A00CF58D2 /* ChooseAvatarUseCaseTests.m in Sources */,
				1771E95C243B039F00CF58D2 /* GameTests.m in Sources */,
			);
			runOnlyForDeploymentPostprocessing = 0;
		};
/* End PBXSourcesBuildPhase section */

/* Begin PBXTargetDependency section */
		1733FE32243EF0E40052B800 /* PBXTargetDependency */ = {
			isa = PBXTargetDependency;
			target = 1733FE2A243EF0730052B800 /* ChooseAvatarUseCase */;
			targetProxy = 1733FE31243EF0E40052B800 /* PBXContainerItemProxy */;
		};
		1733FE53243EF55F0052B800 /* PBXTargetDependency */ = {
			isa = PBXTargetDependency;
			target = 1733FE2A243EF0730052B800 /* ChooseAvatarUseCase */;
			targetProxy = 1733FE52243EF55F0052B800 /* PBXContainerItemProxy */;
		};
/* End PBXTargetDependency section */

/* Begin PBXVariantGroup section */
		1733FDFC243D621D0052B800 /* MainMenu.xib */ = {
			isa = PBXVariantGroup;
			children = (
				1733FDFD243D621D0052B800 /* Base */,
			);
			name = MainMenu.xib;
			sourceTree = "<group>";
		};
/* End PBXVariantGroup section */

/* Begin XCBuildConfiguration section */
		1733FE03243D621D0052B800 /* Debug */ = {
			isa = XCBuildConfiguration;
			buildSettings = {
				ASSETCATALOG_COMPILER_APPICON_NAME = AppIcon;
				CODE_SIGN_ENTITLEMENTS = "AvatarChooser/AppKit GUI/AvatarChooser.entitlements";
				CODE_SIGN_STYLE = Automatic;
				COMBINE_HIDPI_IMAGES = YES;
				INFOPLIST_FILE = "AvatarChooser/AppKit GUI/Info.plist";
				LD_RUNPATH_SEARCH_PATHS = (
					"$(inherited)",
					"@executable_path/../Frameworks",
				);
				MACOSX_DEPLOYMENT_TARGET = 10.14;
				PRODUCT_BUNDLE_IDENTIFIER = com.duffneubauer.AvatarChooser;
				PRODUCT_NAME = "$(TARGET_NAME)";
			};
			name = Debug;
		};
		1733FE04243D621D0052B800 /* Release */ = {
			isa = XCBuildConfiguration;
			buildSettings = {
				ASSETCATALOG_COMPILER_APPICON_NAME = AppIcon;
				CODE_SIGN_ENTITLEMENTS = "AvatarChooser/AppKit GUI/AvatarChooser.entitlements";
				CODE_SIGN_STYLE = Automatic;
				COMBINE_HIDPI_IMAGES = YES;
				INFOPLIST_FILE = "AvatarChooser/AppKit GUI/Info.plist";
				LD_RUNPATH_SEARCH_PATHS = (
					"$(inherited)",
					"@executable_path/../Frameworks",
				);
				MACOSX_DEPLOYMENT_TARGET = 10.14;
				PRODUCT_BUNDLE_IDENTIFIER = com.duffneubauer.AvatarChooser;
				PRODUCT_NAME = "$(TARGET_NAME)";
			};
			name = Release;
		};
		1733FE2D243EF0730052B800 /* Debug */ = {
			isa = XCBuildConfiguration;
			buildSettings = {
				CODE_SIGN_STYLE = Automatic;
				EXECUTABLE_PREFIX = lib;
				MACOSX_DEPLOYMENT_TARGET = 10.15;
				PRODUCT_NAME = "$(TARGET_NAME)";
				SKIP_INSTALL = YES;
			};
			name = Debug;
		};
		1733FE2E243EF0730052B800 /* Release */ = {
			isa = XCBuildConfiguration;
			buildSettings = {
				CODE_SIGN_STYLE = Automatic;
				EXECUTABLE_PREFIX = lib;
				MACOSX_DEPLOYMENT_TARGET = 10.15;
				PRODUCT_NAME = "$(TARGET_NAME)";
				SKIP_INSTALL = YES;
			};
			name = Release;
		};
		1771E91C243A7DFF00CF58D2 /* Debug */ = {
			isa = XCBuildConfiguration;
			buildSettings = {
				ALWAYS_SEARCH_USER_PATHS = NO;
				CLANG_ANALYZER_NONNULL = YES;
				CLANG_ANALYZER_NUMBER_OBJECT_CONVERSION = YES_AGGRESSIVE;
				CLANG_CXX_LANGUAGE_STANDARD = "gnu++14";
				CLANG_CXX_LIBRARY = "libc++";
				CLANG_ENABLE_MODULES = YES;
				CLANG_ENABLE_OBJC_ARC = YES;
				CLANG_ENABLE_OBJC_WEAK = YES;
				CLANG_WARN_BLOCK_CAPTURE_AUTORELEASING = YES;
				CLANG_WARN_BOOL_CONVERSION = YES;
				CLANG_WARN_COMMA = YES;
				CLANG_WARN_CONSTANT_CONVERSION = YES;
				CLANG_WARN_DEPRECATED_OBJC_IMPLEMENTATIONS = YES;
				CLANG_WARN_DIRECT_OBJC_ISA_USAGE = YES_ERROR;
				CLANG_WARN_DOCUMENTATION_COMMENTS = YES;
				CLANG_WARN_EMPTY_BODY = YES;
				CLANG_WARN_ENUM_CONVERSION = YES;
				CLANG_WARN_INFINITE_RECURSION = YES;
				CLANG_WARN_INT_CONVERSION = YES;
				CLANG_WARN_NON_LITERAL_NULL_CONVERSION = YES;
				CLANG_WARN_OBJC_IMPLICIT_RETAIN_SELF = YES;
				CLANG_WARN_OBJC_LITERAL_CONVERSION = YES;
				CLANG_WARN_OBJC_ROOT_CLASS = YES_ERROR;
				CLANG_WARN_RANGE_LOOP_ANALYSIS = YES;
				CLANG_WARN_STRICT_PROTOTYPES = YES;
				CLANG_WARN_SUSPICIOUS_MOVE = YES;
				CLANG_WARN_UNGUARDED_AVAILABILITY = YES_AGGRESSIVE;
				CLANG_WARN_UNREACHABLE_CODE = YES;
				CLANG_WARN__DUPLICATE_METHOD_MATCH = YES;
				COPY_PHASE_STRIP = NO;
				DEBUG_INFORMATION_FORMAT = dwarf;
				ENABLE_STRICT_OBJC_MSGSEND = YES;
				ENABLE_TESTABILITY = YES;
				GCC_C_LANGUAGE_STANDARD = gnu11;
				GCC_DYNAMIC_NO_PIC = NO;
				GCC_NO_COMMON_BLOCKS = YES;
				GCC_OPTIMIZATION_LEVEL = 0;
				GCC_PREPROCESSOR_DEFINITIONS = (
					"DEBUG=1",
					"$(inherited)",
				);
				GCC_WARN_64_TO_32_BIT_CONVERSION = YES;
				GCC_WARN_ABOUT_RETURN_TYPE = YES_ERROR;
				GCC_WARN_UNDECLARED_SELECTOR = YES;
				GCC_WARN_UNINITIALIZED_AUTOS = YES_AGGRESSIVE;
				GCC_WARN_UNUSED_FUNCTION = YES;
				GCC_WARN_UNUSED_VARIABLE = YES;
				MACOSX_DEPLOYMENT_TARGET = 10.14;
				MTL_ENABLE_DEBUG_INFO = INCLUDE_SOURCE;
				MTL_FAST_MATH = YES;
				ONLY_ACTIVE_ARCH = YES;
				SDKROOT = macosx;
			};
			name = Debug;
		};
		1771E91D243A7DFF00CF58D2 /* Release */ = {
			isa = XCBuildConfiguration;
			buildSettings = {
				ALWAYS_SEARCH_USER_PATHS = NO;
				CLANG_ANALYZER_NONNULL = YES;
				CLANG_ANALYZER_NUMBER_OBJECT_CONVERSION = YES_AGGRESSIVE;
				CLANG_CXX_LANGUAGE_STANDARD = "gnu++14";
				CLANG_CXX_LIBRARY = "libc++";
				CLANG_ENABLE_MODULES = YES;
				CLANG_ENABLE_OBJC_ARC = YES;
				CLANG_ENABLE_OBJC_WEAK = YES;
				CLANG_WARN_BLOCK_CAPTURE_AUTORELEASING = YES;
				CLANG_WARN_BOOL_CONVERSION = YES;
				CLANG_WARN_COMMA = YES;
				CLANG_WARN_CONSTANT_CONVERSION = YES;
				CLANG_WARN_DEPRECATED_OBJC_IMPLEMENTATIONS = YES;
				CLANG_WARN_DIRECT_OBJC_ISA_USAGE = YES_ERROR;
				CLANG_WARN_DOCUMENTATION_COMMENTS = YES;
				CLANG_WARN_EMPTY_BODY = YES;
				CLANG_WARN_ENUM_CONVERSION = YES;
				CLANG_WARN_INFINITE_RECURSION = YES;
				CLANG_WARN_INT_CONVERSION = YES;
				CLANG_WARN_NON_LITERAL_NULL_CONVERSION = YES;
				CLANG_WARN_OBJC_IMPLICIT_RETAIN_SELF = YES;
				CLANG_WARN_OBJC_LITERAL_CONVERSION = YES;
				CLANG_WARN_OBJC_ROOT_CLASS = YES_ERROR;
				CLANG_WARN_RANGE_LOOP_ANALYSIS = YES;
				CLANG_WARN_STRICT_PROTOTYPES = YES;
				CLANG_WARN_SUSPICIOUS_MOVE = YES;
				CLANG_WARN_UNGUARDED_AVAILABILITY = YES_AGGRESSIVE;
				CLANG_WARN_UNREACHABLE_CODE = YES;
				CLANG_WARN__DUPLICATE_METHOD_MATCH = YES;
				COPY_PHASE_STRIP = NO;
				DEBUG_INFORMATION_FORMAT = "dwarf-with-dsym";
				ENABLE_NS_ASSERTIONS = NO;
				ENABLE_STRICT_OBJC_MSGSEND = YES;
				GCC_C_LANGUAGE_STANDARD = gnu11;
				GCC_NO_COMMON_BLOCKS = YES;
				GCC_WARN_64_TO_32_BIT_CONVERSION = YES;
				GCC_WARN_ABOUT_RETURN_TYPE = YES_ERROR;
				GCC_WARN_UNDECLARED_SELECTOR = YES;
				GCC_WARN_UNINITIALIZED_AUTOS = YES_AGGRESSIVE;
				GCC_WARN_UNUSED_FUNCTION = YES;
				GCC_WARN_UNUSED_VARIABLE = YES;
				MACOSX_DEPLOYMENT_TARGET = 10.14;
				MTL_ENABLE_DEBUG_INFO = NO;
				MTL_FAST_MATH = YES;
				SDKROOT = macosx;
			};
			name = Release;
		};
		1771E91F243A7DFF00CF58D2 /* Debug */ = {
			isa = XCBuildConfiguration;
			buildSettings = {
				CODE_SIGN_STYLE = Automatic;
				HEADER_SEARCH_PATHS = $SOURCE_ROOT/include;
				OTHER_LDFLAGS = "-ObjC";
				PRODUCT_NAME = "$(TARGET_NAME)";
			};
			name = Debug;
		};
		1771E920243A7DFF00CF58D2 /* Release */ = {
			isa = XCBuildConfiguration;
			buildSettings = {
				CODE_SIGN_STYLE = Automatic;
				HEADER_SEARCH_PATHS = $SOURCE_ROOT/include;
				OTHER_LDFLAGS = "-ObjC";
				PRODUCT_NAME = "$(TARGET_NAME)";
			};
			name = Release;
		};
		1771E959243B038400CF58D2 /* Debug */ = {
			isa = XCBuildConfiguration;
			buildSettings = {
				CODE_SIGN_STYLE = Automatic;
				COMBINE_HIDPI_IMAGES = YES;
				INFOPLIST_FILE = AvatarChooserTests/Info.plist;
				LD_RUNPATH_SEARCH_PATHS = (
					"$(inherited)",
					"@executable_path/../Frameworks",
					"@loader_path/../Frameworks",
				);
				MACOSX_DEPLOYMENT_TARGET = 10.15;
				PRODUCT_BUNDLE_IDENTIFIER = com.duffneubauer.AvatarChooserTests;
				PRODUCT_NAME = "$(TARGET_NAME)";
			};
			name = Debug;
		};
		1771E95A243B038400CF58D2 /* Release */ = {
			isa = XCBuildConfiguration;
			buildSettings = {
				CODE_SIGN_STYLE = Automatic;
				COMBINE_HIDPI_IMAGES = YES;
				INFOPLIST_FILE = AvatarChooserTests/Info.plist;
				LD_RUNPATH_SEARCH_PATHS = (
					"$(inherited)",
					"@executable_path/../Frameworks",
					"@loader_path/../Frameworks",
				);
				MACOSX_DEPLOYMENT_TARGET = 10.15;
				PRODUCT_BUNDLE_IDENTIFIER = com.duffneubauer.AvatarChooserTests;
				PRODUCT_NAME = "$(TARGET_NAME)";
			};
			name = Release;
		};
/* End XCBuildConfiguration section */

/* Begin XCConfigurationList section */
		1733FE05243D621D0052B800 /* Build configuration list for PBXNativeTarget "AvatarChooser" */ = {
			isa = XCConfigurationList;
			buildConfigurations = (
				1733FE03243D621D0052B800 /* Debug */,
				1733FE04243D621D0052B800 /* Release */,
			);
			defaultConfigurationIsVisible = 0;
			defaultConfigurationName = Release;
		};
		1733FE2C243EF0730052B800 /* Build configuration list for PBXNativeTarget "ChooseAvatarUseCase" */ = {
			isa = XCConfigurationList;
			buildConfigurations = (
				1733FE2D243EF0730052B800 /* Debug */,
				1733FE2E243EF0730052B800 /* Release */,
			);
			defaultConfigurationIsVisible = 0;
			defaultConfigurationName = Release;
		};
		1771E912243A7DFF00CF58D2 /* Build configuration list for PBXProject "AvatarChooser" */ = {
			isa = XCConfigurationList;
			buildConfigurations = (
				1771E91C243A7DFF00CF58D2 /* Debug */,
				1771E91D243A7DFF00CF58D2 /* Release */,
			);
			defaultConfigurationIsVisible = 0;
			defaultConfigurationName = Release;
		};
		1771E91E243A7DFF00CF58D2 /* Build configuration list for PBXNativeTarget "avatar-chooser" */ = {
			isa = XCConfigurationList;
			buildConfigurations = (
				1771E91F243A7DFF00CF58D2 /* Debug */,
				1771E920243A7DFF00CF58D2 /* Release */,
			);
			defaultConfigurationIsVisible = 0;
			defaultConfigurationName = Release;
		};
		1771E958243B038400CF58D2 /* Build configuration list for PBXNativeTarget "AvatarChooserTests" */ = {
			isa = XCConfigurationList;
			buildConfigurations = (
				1771E959243B038400CF58D2 /* Debug */,
				1771E95A243B038400CF58D2 /* Release */,
			);
			defaultConfigurationIsVisible = 0;
			defaultConfigurationName = Release;
		};
/* End XCConfigurationList section */
	};
	rootObject = 1771E90F243A7DFF00CF58D2 /* Project object */;
}
