// !$*UTF8*$!
{
	archiveVersion = 1;
	classes = {
	};
	objectVersion = 50;
	objects = {

/* Begin PBXBuildFile section */
		1771E91B243A7DFF00CF58D2 /* main.m in Sources */ = {isa = PBXBuildFile; fileRef = 1771E91A243A7DFF00CF58D2 /* main.m */; };
		1771E923243A814100CF58D2 /* AvatarChooser.mm in Sources */ = {isa = PBXBuildFile; fileRef = 1771E922243A814100CF58D2 /* AvatarChooser.mm */; };
		1771E926243A828600CF58D2 /* Game.m in Sources */ = {isa = PBXBuildFile; fileRef = 1771E925243A828600CF58D2 /* Game.m */; };
		1771E929243A836800CF58D2 /* Avatar.m in Sources */ = {isa = PBXBuildFile; fileRef = 1771E928243A836800CF58D2 /* Avatar.m */; };
		1771E92C243AB1F200CF58D2 /* AvatarChooserService.m in Sources */ = {isa = PBXBuildFile; fileRef = 1771E92B243AB1F200CF58D2 /* AvatarChooserService.m */; };
		1771E92F243AB4E600CF58D2 /* RemoteGameRepository.m in Sources */ = {isa = PBXBuildFile; fileRef = 1771E92E243AB4E600CF58D2 /* RemoteGameRepository.m */; };
		1771E932243ABAB500CF58D2 /* GamesListPresenter.m in Sources */ = {isa = PBXBuildFile; fileRef = 1771E931243ABAB500CF58D2 /* GamesListPresenter.m */; };
/* End PBXBuildFile section */

/* Begin PBXCopyFilesBuildPhase section */
		1771E915243A7DFF00CF58D2 /* CopyFiles */ = {
			isa = PBXCopyFilesBuildPhase;
			buildActionMask = 2147483647;
			dstPath = /usr/share/man/man1/;
			dstSubfolderSpec = 0;
			files = (
			);
			runOnlyForDeploymentPostprocessing = 1;
		};
/* End PBXCopyFilesBuildPhase section */

/* Begin PBXFileReference section */
		1771E917243A7DFF00CF58D2 /* avatar-chooser */ = {isa = PBXFileReference; explicitFileType = "compiled.mach-o.executable"; includeInIndex = 0; path = "avatar-chooser"; sourceTree = BUILT_PRODUCTS_DIR; };
		1771E91A243A7DFF00CF58D2 /* main.m */ = {isa = PBXFileReference; lastKnownFileType = sourcecode.c.objc; path = main.m; sourceTree = "<group>"; };
		1771E921243A814100CF58D2 /* AvatarChooser.h */ = {isa = PBXFileReference; lastKnownFileType = sourcecode.c.h; path = AvatarChooser.h; sourceTree = "<group>"; };
		1771E922243A814100CF58D2 /* AvatarChooser.mm */ = {isa = PBXFileReference; lastKnownFileType = sourcecode.cpp.objcpp; path = AvatarChooser.mm; sourceTree = "<group>"; };
		1771E924243A828600CF58D2 /* Game.h */ = {isa = PBXFileReference; lastKnownFileType = sourcecode.c.h; path = Game.h; sourceTree = "<group>"; };
		1771E925243A828600CF58D2 /* Game.m */ = {isa = PBXFileReference; lastKnownFileType = sourcecode.c.objc; path = Game.m; sourceTree = "<group>"; };
		1771E927243A836800CF58D2 /* Avatar.h */ = {isa = PBXFileReference; lastKnownFileType = sourcecode.c.h; path = Avatar.h; sourceTree = "<group>"; };
		1771E928243A836800CF58D2 /* Avatar.m */ = {isa = PBXFileReference; lastKnownFileType = sourcecode.c.objc; path = Avatar.m; sourceTree = "<group>"; };
		1771E92A243AB1F200CF58D2 /* AvatarChooserService.h */ = {isa = PBXFileReference; lastKnownFileType = sourcecode.c.h; path = AvatarChooserService.h; sourceTree = "<group>"; };
		1771E92B243AB1F200CF58D2 /* AvatarChooserService.m */ = {isa = PBXFileReference; lastKnownFileType = sourcecode.c.objc; path = AvatarChooserService.m; sourceTree = "<group>"; };
		1771E92D243AB4E600CF58D2 /* RemoteGameRepository.h */ = {isa = PBXFileReference; lastKnownFileType = sourcecode.c.h; path = RemoteGameRepository.h; sourceTree = "<group>"; };
		1771E92E243AB4E600CF58D2 /* RemoteGameRepository.m */ = {isa = PBXFileReference; lastKnownFileType = sourcecode.c.objc; path = RemoteGameRepository.m; sourceTree = "<group>"; };
		1771E930243ABAB500CF58D2 /* GamesListPresenter.h */ = {isa = PBXFileReference; lastKnownFileType = sourcecode.c.h; path = GamesListPresenter.h; sourceTree = "<group>"; };
		1771E931243ABAB500CF58D2 /* GamesListPresenter.m */ = {isa = PBXFileReference; lastKnownFileType = sourcecode.c.objc; path = GamesListPresenter.m; sourceTree = "<group>"; };
/* End PBXFileReference section */

/* Begin PBXFrameworksBuildPhase section */
		1771E914243A7DFF00CF58D2 /* Frameworks */ = {
			isa = PBXFrameworksBuildPhase;
			buildActionMask = 2147483647;
			files = (
			);
			runOnlyForDeploymentPostprocessing = 0;
		};
/* End PBXFrameworksBuildPhase section */

/* Begin PBXGroup section */
		1771E90E243A7DFF00CF58D2 = {
			isa = PBXGroup;
			children = (
				1771E919243A7DFF00CF58D2 /* AvatarChooser */,
				1771E918243A7DFF00CF58D2 /* Products */,
			);
			sourceTree = "<group>";
		};
		1771E918243A7DFF00CF58D2 /* Products */ = {
			isa = PBXGroup;
			children = (
				1771E917243A7DFF00CF58D2 /* avatar-chooser */,
			);
			name = Products;
			sourceTree = "<group>";
		};
		1771E919243A7DFF00CF58D2 /* AvatarChooser */ = {
			isa = PBXGroup;
			children = (
				1771E91A243A7DFF00CF58D2 /* main.m */,
				1771E921243A814100CF58D2 /* AvatarChooser.h */,
				1771E922243A814100CF58D2 /* AvatarChooser.mm */,
				1771E930243ABAB500CF58D2 /* GamesListPresenter.h */,
				1771E931243ABAB500CF58D2 /* GamesListPresenter.m */,
				1771E924243A828600CF58D2 /* Game.h */,
				1771E925243A828600CF58D2 /* Game.m */,
				1771E927243A836800CF58D2 /* Avatar.h */,
				1771E928243A836800CF58D2 /* Avatar.m */,
				1771E92A243AB1F200CF58D2 /* AvatarChooserService.h */,
				1771E92B243AB1F200CF58D2 /* AvatarChooserService.m */,
				1771E92D243AB4E600CF58D2 /* RemoteGameRepository.h */,
				1771E92E243AB4E600CF58D2 /* RemoteGameRepository.m */,
			);
			path = AvatarChooser;
			sourceTree = "<group>";
		};
/* End PBXGroup section */

/* Begin PBXNativeTarget section */
		1771E916243A7DFF00CF58D2 /* avatar-chooser */ = {
			isa = PBXNativeTarget;
			buildConfigurationList = 1771E91E243A7DFF00CF58D2 /* Build configuration list for PBXNativeTarget "avatar-chooser" */;
			buildPhases = (
				1771E913243A7DFF00CF58D2 /* Sources */,
				1771E914243A7DFF00CF58D2 /* Frameworks */,
				1771E915243A7DFF00CF58D2 /* CopyFiles */,
			);
			buildRules = (
			);
			dependencies = (
			);
			name = "avatar-chooser";
			productName = AvatarChooser;
			productReference = 1771E917243A7DFF00CF58D2 /* avatar-chooser */;
			productType = "com.apple.product-type.tool";
		};
/* End PBXNativeTarget section */

/* Begin PBXProject section */
		1771E90F243A7DFF00CF58D2 /* Project object */ = {
			isa = PBXProject;
			attributes = {
				LastUpgradeCheck = 1140;
				ORGANIZATIONNAME = "Duff Neubauer";
				TargetAttributes = {
					1771E916243A7DFF00CF58D2 = {
						CreatedOnToolsVersion = 11.4;
					};
				};
			};
			buildConfigurationList = 1771E912243A7DFF00CF58D2 /* Build configuration list for PBXProject "AvatarChooser" */;
			compatibilityVersion = "Xcode 9.3";
			developmentRegion = en;
			hasScannedForEncodings = 0;
			knownRegions = (
				en,
				Base,
			);
			mainGroup = 1771E90E243A7DFF00CF58D2;
			productRefGroup = 1771E918243A7DFF00CF58D2 /* Products */;
			projectDirPath = "";
			projectRoot = "";
			targets = (
				1771E916243A7DFF00CF58D2 /* avatar-chooser */,
			);
		};
/* End PBXProject section */

/* Begin PBXSourcesBuildPhase section */
		1771E913243A7DFF00CF58D2 /* Sources */ = {
			isa = PBXSourcesBuildPhase;
			buildActionMask = 2147483647;
			files = (
				1771E926243A828600CF58D2 /* Game.m in Sources */,
				1771E92C243AB1F200CF58D2 /* AvatarChooserService.m in Sources */,
				1771E923243A814100CF58D2 /* AvatarChooser.mm in Sources */,
				1771E932243ABAB500CF58D2 /* GamesListPresenter.m in Sources */,
				1771E92F243AB4E600CF58D2 /* RemoteGameRepository.m in Sources */,
				1771E929243A836800CF58D2 /* Avatar.m in Sources */,
				1771E91B243A7DFF00CF58D2 /* main.m in Sources */,
			);
			runOnlyForDeploymentPostprocessing = 0;
		};
/* End PBXSourcesBuildPhase section */

/* Begin XCBuildConfiguration section */
		1771E91C243A7DFF00CF58D2 /* Debug */ = {
			isa = XCBuildConfiguration;
			buildSettings = {
				ALWAYS_SEARCH_USER_PATHS = NO;
				CLANG_ANALYZER_NONNULL = YES;
				CLANG_ANALYZER_NUMBER_OBJECT_CONVERSION = YES_AGGRESSIVE;
				CLANG_CXX_LANGUAGE_STANDARD = "gnu++14";
				CLANG_CXX_LIBRARY = "libc++";
				CLANG_ENABLE_MODULES = YES;
				CLANG_ENABLE_OBJC_ARC = YES;
				CLANG_ENABLE_OBJC_WEAK = YES;
				CLANG_WARN_BLOCK_CAPTURE_AUTORELEASING = YES;
				CLANG_WARN_BOOL_CONVERSION = YES;
				CLANG_WARN_COMMA = YES;
				CLANG_WARN_CONSTANT_CONVERSION = YES;
				CLANG_WARN_DEPRECATED_OBJC_IMPLEMENTATIONS = YES;
				CLANG_WARN_DIRECT_OBJC_ISA_USAGE = YES_ERROR;
				CLANG_WARN_DOCUMENTATION_COMMENTS = YES;
				CLANG_WARN_EMPTY_BODY = YES;
				CLANG_WARN_ENUM_CONVERSION = YES;
				CLANG_WARN_INFINITE_RECURSION = YES;
				CLANG_WARN_INT_CONVERSION = YES;
				CLANG_WARN_NON_LITERAL_NULL_CONVERSION = YES;
				CLANG_WARN_OBJC_IMPLICIT_RETAIN_SELF = YES;
				CLANG_WARN_OBJC_LITERAL_CONVERSION = YES;
				CLANG_WARN_OBJC_ROOT_CLASS = YES_ERROR;
				CLANG_WARN_RANGE_LOOP_ANALYSIS = YES;
				CLANG_WARN_STRICT_PROTOTYPES = YES;
				CLANG_WARN_SUSPICIOUS_MOVE = YES;
				CLANG_WARN_UNGUARDED_AVAILABILITY = YES_AGGRESSIVE;
				CLANG_WARN_UNREACHABLE_CODE = YES;
				CLANG_WARN__DUPLICATE_METHOD_MATCH = YES;
				COPY_PHASE_STRIP = NO;
				DEBUG_INFORMATION_FORMAT = dwarf;
				ENABLE_STRICT_OBJC_MSGSEND = YES;
				ENABLE_TESTABILITY = YES;
				GCC_C_LANGUAGE_STANDARD = gnu11;
				GCC_DYNAMIC_NO_PIC = NO;
				GCC_NO_COMMON_BLOCKS = YES;
				GCC_OPTIMIZATION_LEVEL = 0;
				GCC_PREPROCESSOR_DEFINITIONS = (
					"DEBUG=1",
					"$(inherited)",
				);
				GCC_WARN_64_TO_32_BIT_CONVERSION = YES;
				GCC_WARN_ABOUT_RETURN_TYPE = YES_ERROR;
				GCC_WARN_UNDECLARED_SELECTOR = YES;
				GCC_WARN_UNINITIALIZED_AUTOS = YES_AGGRESSIVE;
				GCC_WARN_UNUSED_FUNCTION = YES;
				GCC_WARN_UNUSED_VARIABLE = YES;
				MACOSX_DEPLOYMENT_TARGET = 10.14;
				MTL_ENABLE_DEBUG_INFO = INCLUDE_SOURCE;
				MTL_FAST_MATH = YES;
				ONLY_ACTIVE_ARCH = YES;
				SDKROOT = macosx;
			};
			name = Debug;
		};
		1771E91D243A7DFF00CF58D2 /* Release */ = {
			isa = XCBuildConfiguration;
			buildSettings = {
				ALWAYS_SEARCH_USER_PATHS = NO;
				CLANG_ANALYZER_NONNULL = YES;
				CLANG_ANALYZER_NUMBER_OBJECT_CONVERSION = YES_AGGRESSIVE;
				CLANG_CXX_LANGUAGE_STANDARD = "gnu++14";
				CLANG_CXX_LIBRARY = "libc++";
				CLANG_ENABLE_MODULES = YES;
				CLANG_ENABLE_OBJC_ARC = YES;
				CLANG_ENABLE_OBJC_WEAK = YES;
				CLANG_WARN_BLOCK_CAPTURE_AUTORELEASING = YES;
				CLANG_WARN_BOOL_CONVERSION = YES;
				CLANG_WARN_COMMA = YES;
				CLANG_WARN_CONSTANT_CONVERSION = YES;
				CLANG_WARN_DEPRECATED_OBJC_IMPLEMENTATIONS = YES;
				CLANG_WARN_DIRECT_OBJC_ISA_USAGE = YES_ERROR;
				CLANG_WARN_DOCUMENTATION_COMMENTS = YES;
				CLANG_WARN_EMPTY_BODY = YES;
				CLANG_WARN_ENUM_CONVERSION = YES;
				CLANG_WARN_INFINITE_RECURSION = YES;
				CLANG_WARN_INT_CONVERSION = YES;
				CLANG_WARN_NON_LITERAL_NULL_CONVERSION = YES;
				CLANG_WARN_OBJC_IMPLICIT_RETAIN_SELF = YES;
				CLANG_WARN_OBJC_LITERAL_CONVERSION = YES;
				CLANG_WARN_OBJC_ROOT_CLASS = YES_ERROR;
				CLANG_WARN_RANGE_LOOP_ANALYSIS = YES;
				CLANG_WARN_STRICT_PROTOTYPES = YES;
				CLANG_WARN_SUSPICIOUS_MOVE = YES;
				CLANG_WARN_UNGUARDED_AVAILABILITY = YES_AGGRESSIVE;
				CLANG_WARN_UNREACHABLE_CODE = YES;
				CLANG_WARN__DUPLICATE_METHOD_MATCH = YES;
				COPY_PHASE_STRIP = NO;
				DEBUG_INFORMATION_FORMAT = "dwarf-with-dsym";
				ENABLE_NS_ASSERTIONS = NO;
				ENABLE_STRICT_OBJC_MSGSEND = YES;
				GCC_C_LANGUAGE_STANDARD = gnu11;
				GCC_NO_COMMON_BLOCKS = YES;
				GCC_WARN_64_TO_32_BIT_CONVERSION = YES;
				GCC_WARN_ABOUT_RETURN_TYPE = YES_ERROR;
				GCC_WARN_UNDECLARED_SELECTOR = YES;
				GCC_WARN_UNINITIALIZED_AUTOS = YES_AGGRESSIVE;
				GCC_WARN_UNUSED_FUNCTION = YES;
				GCC_WARN_UNUSED_VARIABLE = YES;
				MACOSX_DEPLOYMENT_TARGET = 10.14;
				MTL_ENABLE_DEBUG_INFO = NO;
				MTL_FAST_MATH = YES;
				SDKROOT = macosx;
			};
			name = Release;
		};
		1771E91F243A7DFF00CF58D2 /* Debug */ = {
			isa = XCBuildConfiguration;
			buildSettings = {
				CODE_SIGN_STYLE = Automatic;
				PRODUCT_NAME = "$(TARGET_NAME)";
			};
			name = Debug;
		};
		1771E920243A7DFF00CF58D2 /* Release */ = {
			isa = XCBuildConfiguration;
			buildSettings = {
				CODE_SIGN_STYLE = Automatic;
				PRODUCT_NAME = "$(TARGET_NAME)";
			};
			name = Release;
		};
/* End XCBuildConfiguration section */

/* Begin XCConfigurationList section */
		1771E912243A7DFF00CF58D2 /* Build configuration list for PBXProject "AvatarChooser" */ = {
			isa = XCConfigurationList;
			buildConfigurations = (
				1771E91C243A7DFF00CF58D2 /* Debug */,
				1771E91D243A7DFF00CF58D2 /* Release */,
			);
			defaultConfigurationIsVisible = 0;
			defaultConfigurationName = Release;
		};
		1771E91E243A7DFF00CF58D2 /* Build configuration list for PBXNativeTarget "avatar-chooser" */ = {
			isa = XCConfigurationList;
			buildConfigurations = (
				1771E91F243A7DFF00CF58D2 /* Debug */,
				1771E920243A7DFF00CF58D2 /* Release */,
			);
			defaultConfigurationIsVisible = 0;
			defaultConfigurationName = Release;
		};
/* End XCConfigurationList section */
	};
	rootObject = 1771E90F243A7DFF00CF58D2 /* Project object */;
}
