// !$*UTF8*$!
{
	archiveVersion = 1;
	classes = {
	};
	objectVersion = 50;
	objects = {

/* Begin PBXBuildFile section */
		17389314243CCF4C00AA71CE /* PersistentImageRepository.m in Sources */ = {isa = PBXBuildFile; fileRef = 1771E93D243AD83200CF58D2 /* PersistentImageRepository.m */; };
		17389315243CCF5300AA71CE /* SuggestAvatarService.m in Sources */ = {isa = PBXBuildFile; fileRef = 1771E940243AE63B00CF58D2 /* SuggestAvatarService.m */; };
		17389316243CCF7500AA71CE /* CLIChooseAvatarUseCase.m in Sources */ = {isa = PBXBuildFile; fileRef = 1771E946243AF8F200CF58D2 /* CLIChooseAvatarUseCase.m */; };
		17389317243CD16200AA71CE /* GamesListPresenter.m in Sources */ = {isa = PBXBuildFile; fileRef = 1771E931243ABAB500CF58D2 /* GamesListPresenter.m */; };
		17389318243CD1AD00AA71CE /* GameDetailsPresenter.m in Sources */ = {isa = PBXBuildFile; fileRef = 1771E937243AC7AF00CF58D2 /* GameDetailsPresenter.m */; };
		17389319243CD1B200AA71CE /* GameDetailsCLI.mm in Sources */ = {isa = PBXBuildFile; fileRef = 1771E934243AC77D00CF58D2 /* GameDetailsCLI.mm */; };
		1738931A243CD1BE00AA71CE /* GamesListCLI.mm in Sources */ = {isa = PBXBuildFile; fileRef = 1771E922243A814100CF58D2 /* GamesListCLI.mm */; };
		1771E91B243A7DFF00CF58D2 /* main.m in Sources */ = {isa = PBXBuildFile; fileRef = 1771E91A243A7DFF00CF58D2 /* main.m */; };
		1771E923243A814100CF58D2 /* GamesListCLI.mm in Sources */ = {isa = PBXBuildFile; fileRef = 1771E922243A814100CF58D2 /* GamesListCLI.mm */; };
		1771E926243A828600CF58D2 /* Game.m in Sources */ = {isa = PBXBuildFile; fileRef = 1771E925243A828600CF58D2 /* Game.m */; };
		1771E929243A836800CF58D2 /* Avatar.m in Sources */ = {isa = PBXBuildFile; fileRef = 1771E928243A836800CF58D2 /* Avatar.m */; };
		1771E92C243AB1F200CF58D2 /* ChooseGameService.m in Sources */ = {isa = PBXBuildFile; fileRef = 1771E92B243AB1F200CF58D2 /* ChooseGameService.m */; };
		1771E92F243AB4E600CF58D2 /* RemoteGameRepository.m in Sources */ = {isa = PBXBuildFile; fileRef = 1771E92E243AB4E600CF58D2 /* RemoteGameRepository.m */; };
		1771E932243ABAB500CF58D2 /* GamesListPresenter.m in Sources */ = {isa = PBXBuildFile; fileRef = 1771E931243ABAB500CF58D2 /* GamesListPresenter.m */; };
		1771E935243AC77D00CF58D2 /* GameDetailsCLI.mm in Sources */ = {isa = PBXBuildFile; fileRef = 1771E934243AC77D00CF58D2 /* GameDetailsCLI.mm */; };
		1771E938243AC7AF00CF58D2 /* GameDetailsPresenter.m in Sources */ = {isa = PBXBuildFile; fileRef = 1771E937243AC7AF00CF58D2 /* GameDetailsPresenter.m */; };
		1771E93E243AD83200CF58D2 /* PersistentImageRepository.m in Sources */ = {isa = PBXBuildFile; fileRef = 1771E93D243AD83200CF58D2 /* PersistentImageRepository.m */; };
		1771E941243AE63B00CF58D2 /* SuggestAvatarService.m in Sources */ = {isa = PBXBuildFile; fileRef = 1771E940243AE63B00CF58D2 /* SuggestAvatarService.m */; };
		1771E947243AF8F200CF58D2 /* CLIChooseAvatarUseCase.m in Sources */ = {isa = PBXBuildFile; fileRef = 1771E946243AF8F200CF58D2 /* CLIChooseAvatarUseCase.m */; };
		1771E95C243B039F00CF58D2 /* GameTests.m in Sources */ = {isa = PBXBuildFile; fileRef = 1771E95B243B039F00CF58D2 /* GameTests.m */; };
		1771E95D243B04BD00CF58D2 /* Avatar.m in Sources */ = {isa = PBXBuildFile; fileRef = 1771E928243A836800CF58D2 /* Avatar.m */; };
		1771E95E243B04C200CF58D2 /* Game.m in Sources */ = {isa = PBXBuildFile; fileRef = 1771E925243A828600CF58D2 /* Game.m */; };
		1771E960243B094A00CF58D2 /* ChooseAvatarUseCaseTests.m in Sources */ = {isa = PBXBuildFile; fileRef = 1771E95F243B094A00CF58D2 /* ChooseAvatarUseCaseTests.m */; };
		1771E962243B0A2E00CF58D2 /* avatars.json in Resources */ = {isa = PBXBuildFile; fileRef = 1771E961243B0A2E00CF58D2 /* avatars.json */; };
		1771E963243B0D5600CF58D2 /* ChooseGameService.m in Sources */ = {isa = PBXBuildFile; fileRef = 1771E92B243AB1F200CF58D2 /* ChooseGameService.m */; };
		1771E964243B0D5A00CF58D2 /* RemoteGameRepository.m in Sources */ = {isa = PBXBuildFile; fileRef = 1771E92E243AB4E600CF58D2 /* RemoteGameRepository.m */; };
/* End PBXBuildFile section */

/* Begin PBXCopyFilesBuildPhase section */
		1771E915243A7DFF00CF58D2 /* CopyFiles */ = {
			isa = PBXCopyFilesBuildPhase;
			buildActionMask = 2147483647;
			dstPath = /usr/share/man/man1/;
			dstSubfolderSpec = 0;
			files = (
			);
			runOnlyForDeploymentPostprocessing = 1;
		};
/* End PBXCopyFilesBuildPhase section */

/* Begin PBXFileReference section */
		1771E917243A7DFF00CF58D2 /* avatar-chooser */ = {isa = PBXFileReference; explicitFileType = "compiled.mach-o.executable"; includeInIndex = 0; path = "avatar-chooser"; sourceTree = BUILT_PRODUCTS_DIR; };
		1771E91A243A7DFF00CF58D2 /* main.m */ = {isa = PBXFileReference; lastKnownFileType = sourcecode.c.objc; path = main.m; sourceTree = "<group>"; };
		1771E921243A814100CF58D2 /* GamesListCLI.h */ = {isa = PBXFileReference; lastKnownFileType = sourcecode.c.h; path = GamesListCLI.h; sourceTree = "<group>"; };
		1771E922243A814100CF58D2 /* GamesListCLI.mm */ = {isa = PBXFileReference; lastKnownFileType = sourcecode.cpp.objcpp; path = GamesListCLI.mm; sourceTree = "<group>"; };
		1771E924243A828600CF58D2 /* Game.h */ = {isa = PBXFileReference; lastKnownFileType = sourcecode.c.h; path = Game.h; sourceTree = "<group>"; };
		1771E925243A828600CF58D2 /* Game.m */ = {isa = PBXFileReference; lastKnownFileType = sourcecode.c.objc; path = Game.m; sourceTree = "<group>"; };
		1771E927243A836800CF58D2 /* Avatar.h */ = {isa = PBXFileReference; lastKnownFileType = sourcecode.c.h; path = Avatar.h; sourceTree = "<group>"; };
		1771E928243A836800CF58D2 /* Avatar.m */ = {isa = PBXFileReference; lastKnownFileType = sourcecode.c.objc; path = Avatar.m; sourceTree = "<group>"; };
		1771E92A243AB1F200CF58D2 /* ChooseGameService.h */ = {isa = PBXFileReference; lastKnownFileType = sourcecode.c.h; path = ChooseGameService.h; sourceTree = "<group>"; };
		1771E92B243AB1F200CF58D2 /* ChooseGameService.m */ = {isa = PBXFileReference; lastKnownFileType = sourcecode.c.objc; path = ChooseGameService.m; sourceTree = "<group>"; };
		1771E92D243AB4E600CF58D2 /* RemoteGameRepository.h */ = {isa = PBXFileReference; lastKnownFileType = sourcecode.c.h; path = RemoteGameRepository.h; sourceTree = "<group>"; };
		1771E92E243AB4E600CF58D2 /* RemoteGameRepository.m */ = {isa = PBXFileReference; lastKnownFileType = sourcecode.c.objc; path = RemoteGameRepository.m; sourceTree = "<group>"; };
		1771E930243ABAB500CF58D2 /* GamesListPresenter.h */ = {isa = PBXFileReference; lastKnownFileType = sourcecode.c.h; path = GamesListPresenter.h; sourceTree = "<group>"; };
		1771E931243ABAB500CF58D2 /* GamesListPresenter.m */ = {isa = PBXFileReference; lastKnownFileType = sourcecode.c.objc; path = GamesListPresenter.m; sourceTree = "<group>"; };
		1771E933243AC77D00CF58D2 /* GameDetailsCLI.h */ = {isa = PBXFileReference; lastKnownFileType = sourcecode.c.h; path = GameDetailsCLI.h; sourceTree = "<group>"; };
		1771E934243AC77D00CF58D2 /* GameDetailsCLI.mm */ = {isa = PBXFileReference; lastKnownFileType = sourcecode.cpp.objcpp; path = GameDetailsCLI.mm; sourceTree = "<group>"; };
		1771E936243AC7AF00CF58D2 /* GameDetailsPresenter.h */ = {isa = PBXFileReference; lastKnownFileType = sourcecode.c.h; path = GameDetailsPresenter.h; sourceTree = "<group>"; };
		1771E937243AC7AF00CF58D2 /* GameDetailsPresenter.m */ = {isa = PBXFileReference; lastKnownFileType = sourcecode.c.objc; path = GameDetailsPresenter.m; sourceTree = "<group>"; };
		1771E93C243AD83200CF58D2 /* PersistentImageRepository.h */ = {isa = PBXFileReference; lastKnownFileType = sourcecode.c.h; path = PersistentImageRepository.h; sourceTree = "<group>"; };
		1771E93D243AD83200CF58D2 /* PersistentImageRepository.m */ = {isa = PBXFileReference; lastKnownFileType = sourcecode.c.objc; path = PersistentImageRepository.m; sourceTree = "<group>"; };
		1771E93F243AE63B00CF58D2 /* SuggestAvatarService.h */ = {isa = PBXFileReference; lastKnownFileType = sourcecode.c.h; path = SuggestAvatarService.h; sourceTree = "<group>"; };
		1771E940243AE63B00CF58D2 /* SuggestAvatarService.m */ = {isa = PBXFileReference; lastKnownFileType = sourcecode.c.objc; path = SuggestAvatarService.m; sourceTree = "<group>"; };
		1771E945243AF8F200CF58D2 /* CLIChooseAvatarUseCase.h */ = {isa = PBXFileReference; lastKnownFileType = sourcecode.c.h; path = CLIChooseAvatarUseCase.h; sourceTree = "<group>"; };
		1771E946243AF8F200CF58D2 /* CLIChooseAvatarUseCase.m */ = {isa = PBXFileReference; lastKnownFileType = sourcecode.c.objc; path = CLIChooseAvatarUseCase.m; sourceTree = "<group>"; };
		1771E953243B038400CF58D2 /* AvatarChooserTests.xctest */ = {isa = PBXFileReference; explicitFileType = wrapper.cfbundle; includeInIndex = 0; path = AvatarChooserTests.xctest; sourceTree = BUILT_PRODUCTS_DIR; };
		1771E957243B038400CF58D2 /* Info.plist */ = {isa = PBXFileReference; lastKnownFileType = text.plist.xml; path = Info.plist; sourceTree = "<group>"; };
		1771E95B243B039F00CF58D2 /* GameTests.m */ = {isa = PBXFileReference; lastKnownFileType = sourcecode.c.objc; path = GameTests.m; sourceTree = "<group>"; };
		1771E95F243B094A00CF58D2 /* ChooseAvatarUseCaseTests.m */ = {isa = PBXFileReference; lastKnownFileType = sourcecode.c.objc; path = ChooseAvatarUseCaseTests.m; sourceTree = "<group>"; };
		1771E961243B0A2E00CF58D2 /* avatars.json */ = {isa = PBXFileReference; fileEncoding = 4; lastKnownFileType = text.json; path = avatars.json; sourceTree = "<group>"; };
/* End PBXFileReference section */

/* Begin PBXFrameworksBuildPhase section */
		1771E914243A7DFF00CF58D2 /* Frameworks */ = {
			isa = PBXFrameworksBuildPhase;
			buildActionMask = 2147483647;
			files = (
			);
			runOnlyForDeploymentPostprocessing = 0;
		};
		1771E950243B038400CF58D2 /* Frameworks */ = {
			isa = PBXFrameworksBuildPhase;
			buildActionMask = 2147483647;
			files = (
			);
			runOnlyForDeploymentPostprocessing = 0;
		};
/* End PBXFrameworksBuildPhase section */

/* Begin PBXGroup section */
		1771E90E243A7DFF00CF58D2 = {
			isa = PBXGroup;
			children = (
				1771E919243A7DFF00CF58D2 /* AvatarChooser */,
				1771E954243B038400CF58D2 /* AvatarChooserTests */,
				1771E918243A7DFF00CF58D2 /* Products */,
			);
			sourceTree = "<group>";
		};
		1771E918243A7DFF00CF58D2 /* Products */ = {
			isa = PBXGroup;
			children = (
				1771E917243A7DFF00CF58D2 /* avatar-chooser */,
				1771E953243B038400CF58D2 /* AvatarChooserTests.xctest */,
			);
			name = Products;
			sourceTree = "<group>";
		};
		1771E919243A7DFF00CF58D2 /* AvatarChooser */ = {
			isa = PBXGroup;
			children = (
				1771E91A243A7DFF00CF58D2 /* main.m */,
				1771E948243AFC9D00CF58D2 /* Choose Avatar Use Case */,
			);
			path = AvatarChooser;
			sourceTree = "<group>";
		};
		1771E948243AFC9D00CF58D2 /* Choose Avatar Use Case */ = {
			isa = PBXGroup;
			children = (
				1771E945243AF8F200CF58D2 /* CLIChooseAvatarUseCase.h */,
				1771E946243AF8F200CF58D2 /* CLIChooseAvatarUseCase.m */,
				1771E94C243AFCF000CF58D2 /* Presentation */,
				1771E949243AFCA800CF58D2 /* Data Layer */,
				1771E94A243AFCB600CF58D2 /* Application */,
				1771E94B243AFCC700CF58D2 /* Enterprise */,
			);
			path = "Choose Avatar Use Case";
			sourceTree = "<group>";
		};
		1771E949243AFCA800CF58D2 /* Data Layer */ = {
			isa = PBXGroup;
			children = (
				1771E92D243AB4E600CF58D2 /* RemoteGameRepository.h */,
				1771E92E243AB4E600CF58D2 /* RemoteGameRepository.m */,
				1771E93C243AD83200CF58D2 /* PersistentImageRepository.h */,
				1771E93D243AD83200CF58D2 /* PersistentImageRepository.m */,
			);
			path = "Data Layer";
			sourceTree = "<group>";
		};
		1771E94A243AFCB600CF58D2 /* Application */ = {
			isa = PBXGroup;
			children = (
				1771E92A243AB1F200CF58D2 /* ChooseGameService.h */,
				1771E92B243AB1F200CF58D2 /* ChooseGameService.m */,
				1771E93F243AE63B00CF58D2 /* SuggestAvatarService.h */,
				1771E940243AE63B00CF58D2 /* SuggestAvatarService.m */,
			);
			path = Application;
			sourceTree = "<group>";
		};
		1771E94B243AFCC700CF58D2 /* Enterprise */ = {
			isa = PBXGroup;
			children = (
				1771E924243A828600CF58D2 /* Game.h */,
				1771E925243A828600CF58D2 /* Game.m */,
				1771E927243A836800CF58D2 /* Avatar.h */,
				1771E928243A836800CF58D2 /* Avatar.m */,
			);
			path = Enterprise;
			sourceTree = "<group>";
		};
		1771E94C243AFCF000CF58D2 /* Presentation */ = {
			isa = PBXGroup;
			children = (
				1771E94D243AFCF800CF58D2 /* Games List */,
				1771E94E243AFD0600CF58D2 /* Game Details */,
			);
			path = Presentation;
			sourceTree = "<group>";
		};
		1771E94D243AFCF800CF58D2 /* Games List */ = {
			isa = PBXGroup;
			children = (
				1771E921243A814100CF58D2 /* GamesListCLI.h */,
				1771E922243A814100CF58D2 /* GamesListCLI.mm */,
				1771E930243ABAB500CF58D2 /* GamesListPresenter.h */,
				1771E931243ABAB500CF58D2 /* GamesListPresenter.m */,
			);
			path = "Games List";
			sourceTree = "<group>";
		};
		1771E94E243AFD0600CF58D2 /* Game Details */ = {
			isa = PBXGroup;
			children = (
				1771E933243AC77D00CF58D2 /* GameDetailsCLI.h */,
				1771E934243AC77D00CF58D2 /* GameDetailsCLI.mm */,
				1771E936243AC7AF00CF58D2 /* GameDetailsPresenter.h */,
				1771E937243AC7AF00CF58D2 /* GameDetailsPresenter.m */,
			);
			path = "Game Details";
			sourceTree = "<group>";
		};
		1771E954243B038400CF58D2 /* AvatarChooserTests */ = {
			isa = PBXGroup;
			children = (
				1771E957243B038400CF58D2 /* Info.plist */,
				1771E961243B0A2E00CF58D2 /* avatars.json */,
				1771E95F243B094A00CF58D2 /* ChooseAvatarUseCaseTests.m */,
				1771E95B243B039F00CF58D2 /* GameTests.m */,
			);
			path = AvatarChooserTests;
			sourceTree = "<group>";
		};
/* End PBXGroup section */

/* Begin PBXNativeTarget section */
		1771E916243A7DFF00CF58D2 /* avatar-chooser */ = {
			isa = PBXNativeTarget;
			buildConfigurationList = 1771E91E243A7DFF00CF58D2 /* Build configuration list for PBXNativeTarget "avatar-chooser" */;
			buildPhases = (
				1771E913243A7DFF00CF58D2 /* Sources */,
				1771E914243A7DFF00CF58D2 /* Frameworks */,
				1771E915243A7DFF00CF58D2 /* CopyFiles */,
			);
			buildRules = (
			);
			dependencies = (
			);
			name = "avatar-chooser";
			productName = AvatarChooser;
			productReference = 1771E917243A7DFF00CF58D2 /* avatar-chooser */;
			productType = "com.apple.product-type.tool";
		};
		1771E952243B038400CF58D2 /* AvatarChooserTests */ = {
			isa = PBXNativeTarget;
			buildConfigurationList = 1771E958243B038400CF58D2 /* Build configuration list for PBXNativeTarget "AvatarChooserTests" */;
			buildPhases = (
				1771E94F243B038400CF58D2 /* Sources */,
				1771E950243B038400CF58D2 /* Frameworks */,
				1771E951243B038400CF58D2 /* Resources */,
			);
			buildRules = (
			);
			dependencies = (
			);
			name = AvatarChooserTests;
			productName = AvatarChooserTests;
			productReference = 1771E953243B038400CF58D2 /* AvatarChooserTests.xctest */;
			productType = "com.apple.product-type.bundle.unit-test";
		};
/* End PBXNativeTarget section */

/* Begin PBXProject section */
		1771E90F243A7DFF00CF58D2 /* Project object */ = {
			isa = PBXProject;
			attributes = {
				LastUpgradeCheck = 1140;
				ORGANIZATIONNAME = "Duff Neubauer";
				TargetAttributes = {
					1771E916243A7DFF00CF58D2 = {
						CreatedOnToolsVersion = 11.4;
					};
					1771E952243B038400CF58D2 = {
						CreatedOnToolsVersion = 11.4;
					};
				};
			};
			buildConfigurationList = 1771E912243A7DFF00CF58D2 /* Build configuration list for PBXProject "AvatarChooser" */;
			compatibilityVersion = "Xcode 9.3";
			developmentRegion = en;
			hasScannedForEncodings = 0;
			knownRegions = (
				en,
				Base,
			);
			mainGroup = 1771E90E243A7DFF00CF58D2;
			productRefGroup = 1771E918243A7DFF00CF58D2 /* Products */;
			projectDirPath = "";
			projectRoot = "";
			targets = (
				1771E916243A7DFF00CF58D2 /* avatar-chooser */,
				1771E952243B038400CF58D2 /* AvatarChooserTests */,
			);
		};
/* End PBXProject section */

/* Begin PBXResourcesBuildPhase section */
		1771E951243B038400CF58D2 /* Resources */ = {
			isa = PBXResourcesBuildPhase;
			buildActionMask = 2147483647;
			files = (
				1771E962243B0A2E00CF58D2 /* avatars.json in Resources */,
			);
			runOnlyForDeploymentPostprocessing = 0;
		};
/* End PBXResourcesBuildPhase section */

/* Begin PBXSourcesBuildPhase section */
		1771E913243A7DFF00CF58D2 /* Sources */ = {
			isa = PBXSourcesBuildPhase;
			buildActionMask = 2147483647;
			files = (
				1771E926243A828600CF58D2 /* Game.m in Sources */,
				1771E92C243AB1F200CF58D2 /* ChooseGameService.m in Sources */,
				1771E947243AF8F200CF58D2 /* CLIChooseAvatarUseCase.m in Sources */,
				1771E923243A814100CF58D2 /* GamesListCLI.mm in Sources */,
				1771E935243AC77D00CF58D2 /* GameDetailsCLI.mm in Sources */,
				1771E938243AC7AF00CF58D2 /* GameDetailsPresenter.m in Sources */,
				1771E932243ABAB500CF58D2 /* GamesListPresenter.m in Sources */,
				1771E941243AE63B00CF58D2 /* SuggestAvatarService.m in Sources */,
				1771E92F243AB4E600CF58D2 /* RemoteGameRepository.m in Sources */,
				1771E929243A836800CF58D2 /* Avatar.m in Sources */,
				1771E93E243AD83200CF58D2 /* PersistentImageRepository.m in Sources */,
				1771E91B243A7DFF00CF58D2 /* main.m in Sources */,
			);
			runOnlyForDeploymentPostprocessing = 0;
		};
		1771E94F243B038400CF58D2 /* Sources */ = {
			isa = PBXSourcesBuildPhase;
			buildActionMask = 2147483647;
			files = (
				17389315243CCF5300AA71CE /* SuggestAvatarService.m in Sources */,
				17389318243CD1AD00AA71CE /* GameDetailsPresenter.m in Sources */,
				1738931A243CD1BE00AA71CE /* GamesListCLI.mm in Sources */,
				1771E95E243B04C200CF58D2 /* Game.m in Sources */,
				17389319243CD1B200AA71CE /* GameDetailsCLI.mm in Sources */,
				17389317243CD16200AA71CE /* GamesListPresenter.m in Sources */,
				17389316243CCF7500AA71CE /* CLIChooseAvatarUseCase.m in Sources */,
				1771E960243B094A00CF58D2 /* ChooseAvatarUseCaseTests.m in Sources */,
				17389314243CCF4C00AA71CE /* PersistentImageRepository.m in Sources */,
				1771E95D243B04BD00CF58D2 /* Avatar.m in Sources */,
				1771E964243B0D5A00CF58D2 /* RemoteGameRepository.m in Sources */,
				1771E95C243B039F00CF58D2 /* GameTests.m in Sources */,
				1771E963243B0D5600CF58D2 /* ChooseGameService.m in Sources */,
			);
			runOnlyForDeploymentPostprocessing = 0;
		};
/* End PBXSourcesBuildPhase section */

/* Begin XCBuildConfiguration section */
		1771E91C243A7DFF00CF58D2 /* Debug */ = {
			isa = XCBuildConfiguration;
			buildSettings = {
				ALWAYS_SEARCH_USER_PATHS = NO;
				CLANG_ANALYZER_NONNULL = YES;
				CLANG_ANALYZER_NUMBER_OBJECT_CONVERSION = YES_AGGRESSIVE;
				CLANG_CXX_LANGUAGE_STANDARD = "gnu++14";
				CLANG_CXX_LIBRARY = "libc++";
				CLANG_ENABLE_MODULES = YES;
				CLANG_ENABLE_OBJC_ARC = YES;
				CLANG_ENABLE_OBJC_WEAK = YES;
				CLANG_WARN_BLOCK_CAPTURE_AUTORELEASING = YES;
				CLANG_WARN_BOOL_CONVERSION = YES;
				CLANG_WARN_COMMA = YES;
				CLANG_WARN_CONSTANT_CONVERSION = YES;
				CLANG_WARN_DEPRECATED_OBJC_IMPLEMENTATIONS = YES;
				CLANG_WARN_DIRECT_OBJC_ISA_USAGE = YES_ERROR;
				CLANG_WARN_DOCUMENTATION_COMMENTS = YES;
				CLANG_WARN_EMPTY_BODY = YES;
				CLANG_WARN_ENUM_CONVERSION = YES;
				CLANG_WARN_INFINITE_RECURSION = YES;
				CLANG_WARN_INT_CONVERSION = YES;
				CLANG_WARN_NON_LITERAL_NULL_CONVERSION = YES;
				CLANG_WARN_OBJC_IMPLICIT_RETAIN_SELF = YES;
				CLANG_WARN_OBJC_LITERAL_CONVERSION = YES;
				CLANG_WARN_OBJC_ROOT_CLASS = YES_ERROR;
				CLANG_WARN_RANGE_LOOP_ANALYSIS = YES;
				CLANG_WARN_STRICT_PROTOTYPES = YES;
				CLANG_WARN_SUSPICIOUS_MOVE = YES;
				CLANG_WARN_UNGUARDED_AVAILABILITY = YES_AGGRESSIVE;
				CLANG_WARN_UNREACHABLE_CODE = YES;
				CLANG_WARN__DUPLICATE_METHOD_MATCH = YES;
				COPY_PHASE_STRIP = NO;
				DEBUG_INFORMATION_FORMAT = dwarf;
				ENABLE_STRICT_OBJC_MSGSEND = YES;
				ENABLE_TESTABILITY = YES;
				GCC_C_LANGUAGE_STANDARD = gnu11;
				GCC_DYNAMIC_NO_PIC = NO;
				GCC_NO_COMMON_BLOCKS = YES;
				GCC_OPTIMIZATION_LEVEL = 0;
				GCC_PREPROCESSOR_DEFINITIONS = (
					"DEBUG=1",
					"$(inherited)",
				);
				GCC_WARN_64_TO_32_BIT_CONVERSION = YES;
				GCC_WARN_ABOUT_RETURN_TYPE = YES_ERROR;
				GCC_WARN_UNDECLARED_SELECTOR = YES;
				GCC_WARN_UNINITIALIZED_AUTOS = YES_AGGRESSIVE;
				GCC_WARN_UNUSED_FUNCTION = YES;
				GCC_WARN_UNUSED_VARIABLE = YES;
				MACOSX_DEPLOYMENT_TARGET = 10.14;
				MTL_ENABLE_DEBUG_INFO = INCLUDE_SOURCE;
				MTL_FAST_MATH = YES;
				ONLY_ACTIVE_ARCH = YES;
				SDKROOT = macosx;
			};
			name = Debug;
		};
		1771E91D243A7DFF00CF58D2 /* Release */ = {
			isa = XCBuildConfiguration;
			buildSettings = {
				ALWAYS_SEARCH_USER_PATHS = NO;
				CLANG_ANALYZER_NONNULL = YES;
				CLANG_ANALYZER_NUMBER_OBJECT_CONVERSION = YES_AGGRESSIVE;
				CLANG_CXX_LANGUAGE_STANDARD = "gnu++14";
				CLANG_CXX_LIBRARY = "libc++";
				CLANG_ENABLE_MODULES = YES;
				CLANG_ENABLE_OBJC_ARC = YES;
				CLANG_ENABLE_OBJC_WEAK = YES;
				CLANG_WARN_BLOCK_CAPTURE_AUTORELEASING = YES;
				CLANG_WARN_BOOL_CONVERSION = YES;
				CLANG_WARN_COMMA = YES;
				CLANG_WARN_CONSTANT_CONVERSION = YES;
				CLANG_WARN_DEPRECATED_OBJC_IMPLEMENTATIONS = YES;
				CLANG_WARN_DIRECT_OBJC_ISA_USAGE = YES_ERROR;
				CLANG_WARN_DOCUMENTATION_COMMENTS = YES;
				CLANG_WARN_EMPTY_BODY = YES;
				CLANG_WARN_ENUM_CONVERSION = YES;
				CLANG_WARN_INFINITE_RECURSION = YES;
				CLANG_WARN_INT_CONVERSION = YES;
				CLANG_WARN_NON_LITERAL_NULL_CONVERSION = YES;
				CLANG_WARN_OBJC_IMPLICIT_RETAIN_SELF = YES;
				CLANG_WARN_OBJC_LITERAL_CONVERSION = YES;
				CLANG_WARN_OBJC_ROOT_CLASS = YES_ERROR;
				CLANG_WARN_RANGE_LOOP_ANALYSIS = YES;
				CLANG_WARN_STRICT_PROTOTYPES = YES;
				CLANG_WARN_SUSPICIOUS_MOVE = YES;
				CLANG_WARN_UNGUARDED_AVAILABILITY = YES_AGGRESSIVE;
				CLANG_WARN_UNREACHABLE_CODE = YES;
				CLANG_WARN__DUPLICATE_METHOD_MATCH = YES;
				COPY_PHASE_STRIP = NO;
				DEBUG_INFORMATION_FORMAT = "dwarf-with-dsym";
				ENABLE_NS_ASSERTIONS = NO;
				ENABLE_STRICT_OBJC_MSGSEND = YES;
				GCC_C_LANGUAGE_STANDARD = gnu11;
				GCC_NO_COMMON_BLOCKS = YES;
				GCC_WARN_64_TO_32_BIT_CONVERSION = YES;
				GCC_WARN_ABOUT_RETURN_TYPE = YES_ERROR;
				GCC_WARN_UNDECLARED_SELECTOR = YES;
				GCC_WARN_UNINITIALIZED_AUTOS = YES_AGGRESSIVE;
				GCC_WARN_UNUSED_FUNCTION = YES;
				GCC_WARN_UNUSED_VARIABLE = YES;
				MACOSX_DEPLOYMENT_TARGET = 10.14;
				MTL_ENABLE_DEBUG_INFO = NO;
				MTL_FAST_MATH = YES;
				SDKROOT = macosx;
			};
			name = Release;
		};
		1771E91F243A7DFF00CF58D2 /* Debug */ = {
			isa = XCBuildConfiguration;
			buildSettings = {
				CODE_SIGN_STYLE = Automatic;
				PRODUCT_NAME = "$(TARGET_NAME)";
			};
			name = Debug;
		};
		1771E920243A7DFF00CF58D2 /* Release */ = {
			isa = XCBuildConfiguration;
			buildSettings = {
				CODE_SIGN_STYLE = Automatic;
				PRODUCT_NAME = "$(TARGET_NAME)";
			};
			name = Release;
		};
		1771E959243B038400CF58D2 /* Debug */ = {
			isa = XCBuildConfiguration;
			buildSettings = {
				CODE_SIGN_STYLE = Automatic;
				COMBINE_HIDPI_IMAGES = YES;
				INFOPLIST_FILE = AvatarChooserTests/Info.plist;
				LD_RUNPATH_SEARCH_PATHS = (
					"$(inherited)",
					"@executable_path/../Frameworks",
					"@loader_path/../Frameworks",
				);
				MACOSX_DEPLOYMENT_TARGET = 10.15;
				PRODUCT_BUNDLE_IDENTIFIER = com.duffneubauer.AvatarChooserTests;
				PRODUCT_NAME = "$(TARGET_NAME)";
			};
			name = Debug;
		};
		1771E95A243B038400CF58D2 /* Release */ = {
			isa = XCBuildConfiguration;
			buildSettings = {
				CODE_SIGN_STYLE = Automatic;
				COMBINE_HIDPI_IMAGES = YES;
				INFOPLIST_FILE = AvatarChooserTests/Info.plist;
				LD_RUNPATH_SEARCH_PATHS = (
					"$(inherited)",
					"@executable_path/../Frameworks",
					"@loader_path/../Frameworks",
				);
				MACOSX_DEPLOYMENT_TARGET = 10.15;
				PRODUCT_BUNDLE_IDENTIFIER = com.duffneubauer.AvatarChooserTests;
				PRODUCT_NAME = "$(TARGET_NAME)";
			};
			name = Release;
		};
/* End XCBuildConfiguration section */

/* Begin XCConfigurationList section */
		1771E912243A7DFF00CF58D2 /* Build configuration list for PBXProject "AvatarChooser" */ = {
			isa = XCConfigurationList;
			buildConfigurations = (
				1771E91C243A7DFF00CF58D2 /* Debug */,
				1771E91D243A7DFF00CF58D2 /* Release */,
			);
			defaultConfigurationIsVisible = 0;
			defaultConfigurationName = Release;
		};
		1771E91E243A7DFF00CF58D2 /* Build configuration list for PBXNativeTarget "avatar-chooser" */ = {
			isa = XCConfigurationList;
			buildConfigurations = (
				1771E91F243A7DFF00CF58D2 /* Debug */,
				1771E920243A7DFF00CF58D2 /* Release */,
			);
			defaultConfigurationIsVisible = 0;
			defaultConfigurationName = Release;
		};
		1771E958243B038400CF58D2 /* Build configuration list for PBXNativeTarget "AvatarChooserTests" */ = {
			isa = XCConfigurationList;
			buildConfigurations = (
				1771E959243B038400CF58D2 /* Debug */,
				1771E95A243B038400CF58D2 /* Release */,
			);
			defaultConfigurationIsVisible = 0;
			defaultConfigurationName = Release;
		};
/* End XCConfigurationList section */
	};
	rootObject = 1771E90F243A7DFF00CF58D2 /* Project object */;
}
